
Microsoft Visual Studio Solution File, Format Version 12.00
# Visual Studio 14
VisualStudioVersion = 14.0.25123.0
MinimumVisualStudioVersion = 10.0.40219.1
Project("{2150E333-8FDC-42A3-9474-1A3956D46DE8}") = "src", "src", "{41DA389D-8FD3-4CC0-B012-5825FE714E87}"
EndProject
Project("{2150E333-8FDC-42A3-9474-1A3956D46DE8}") = "Solution Items", "Solution Items", "{0DA18258-DC3F-475D-B6CA-AB3BD6E2DD76}"
	ProjectSection(SolutionItems) = preProject
		global.json = global.json
		NuGet.Config = NuGet.Config
		README.md = README.md
	EndProjectSection
EndProject
Project("{8BB2217D-0F2D-49D1-97BC-3654ED321F3B}") = "Odachi.AspNetCore.MvcPages", "src\Odachi.AspNetCore.MvcPages\Odachi.AspNetCore.MvcPages.xproj", "{2D51CA75-3002-4485-9834-A70BB6B923FD}"
EndProject
Project("{8BB2217D-0F2D-49D1-97BC-3654ED321F3B}") = "Odachi.AspNetCore.Authentication.Basic", "src\Odachi.AspNetCore.Authentication.Basic\Odachi.AspNetCore.Authentication.Basic.xproj", "{10C8D582-BA75-4C45-9379-9EC77A28AA2F}"
EndProject
Project("{2150E333-8FDC-42A3-9474-1A3956D46DE8}") = "samples", "samples", "{066ADA6B-80D9-4679-BF94-2743B59B5C29}"
EndProject
Project("{8BB2217D-0F2D-49D1-97BC-3654ED321F3B}") = "BasicAuthenticationSample", "samples\BasicAuthenticationSample\BasicAuthenticationSample.xproj", "{2FBD9EFE-8BF2-49F4-A9DC-080E831FE6CC}"
EndProject
Project("{8BB2217D-0F2D-49D1-97BC-3654ED321F3B}") = "Odachi.Security", "src\Odachi.Security\Odachi.Security.xproj", "{7F361DDC-F7BB-4402-ACB5-033FA8B1E943}"
EndProject
Project("{8BB2217D-0F2D-49D1-97BC-3654ED321F3B}") = "Odachi.Localization.Extraction", "src\Odachi.Localization.Extraction\Odachi.Localization.Extraction.xproj", "{E6A31EBE-ADB7-4123-9269-6B5383FBAF97}"
EndProject
Project("{8BB2217D-0F2D-49D1-97BC-3654ED321F3B}") = "Odachi.Localization.Extraction.Commands", "src\Odachi.Localization.Extraction.Commands\Odachi.Localization.Extraction.Commands.xproj", "{2D9FE452-D65B-4045-97C1-5481C99BEF7F}"
EndProject
Project("{2150E333-8FDC-42A3-9474-1A3956D46DE8}") = "test", "test", "{6914849E-07C0-4D13-8259-A141523454DA}"
EndProject
Project("{8BB2217D-0F2D-49D1-97BC-3654ED321F3B}") = "Odachi.Localization.Extraction.Tests", "test\Odachi.Localization.Extraction.Tests\Odachi.Localization.Extraction.Tests.xproj", "{23C44E43-9294-433B-AE3B-570CB4F90B6D}"
EndProject
Project("{8BB2217D-0F2D-49D1-97BC-3654ED321F3B}") = "Odachi.Localization", "src\Odachi.Localization\Odachi.Localization.xproj", "{48C14115-B682-46F2-A4F8-ADB3F7DB7C0B}"
EndProject
Project("{8BB2217D-0F2D-49D1-97BC-3654ED321F3B}") = "Odachi.Data", "src\Odachi.Data\Odachi.Data.xproj", "{DDF868D0-0B90-459B-B778-0577A9237D88}"
EndProject
Project("{8BB2217D-0F2D-49D1-97BC-3654ED321F3B}") = "Odachi.AspNetCore.Mvc", "src\Odachi.AspNetCore.Mvc\Odachi.AspNetCore.Mvc.xproj", "{47A6770F-0AA7-4EA3-AF9B-A4D03304B451}"
EndProject
Project("{8BB2217D-0F2D-49D1-97BC-3654ED321F3B}") = "Odachi.Gettext", "src\Odachi.Gettext\Odachi.Gettext.xproj", "{E2E5F56E-C7FC-49AF-9384-2FAA9ECC3604}"
EndProject
Project("{8BB2217D-0F2D-49D1-97BC-3654ED321F3B}") = "Odachi.Gettext.Tests", "test\Odachi.Gettext.Tests\Odachi.Gettext.Tests.xproj", "{E2355AC4-7684-4FE2-A5F6-66320596BB58}"
EndProject
Project("{8BB2217D-0F2D-49D1-97BC-3654ED321F3B}") = "Odachi.Security.Tests", "test\Odachi.Security.Tests\Odachi.Security.Tests.xproj", "{1F19372F-23E0-4F66-ADFE-4D356EB9E1A1}"
EndProject
Global
	GlobalSection(SolutionConfigurationPlatforms) = preSolution
		Debug|Any CPU = Debug|Any CPU
		Release|Any CPU = Release|Any CPU
	EndGlobalSection
	GlobalSection(ProjectConfigurationPlatforms) = postSolution
		{2D51CA75-3002-4485-9834-A70BB6B923FD}.Debug|Any CPU.ActiveCfg = Debug|Any CPU
		{2D51CA75-3002-4485-9834-A70BB6B923FD}.Debug|Any CPU.Build.0 = Debug|Any CPU
		{2D51CA75-3002-4485-9834-A70BB6B923FD}.Release|Any CPU.ActiveCfg = Release|Any CPU
		{2D51CA75-3002-4485-9834-A70BB6B923FD}.Release|Any CPU.Build.0 = Release|Any CPU
		{10C8D582-BA75-4C45-9379-9EC77A28AA2F}.Debug|Any CPU.ActiveCfg = Debug|Any CPU
		{10C8D582-BA75-4C45-9379-9EC77A28AA2F}.Debug|Any CPU.Build.0 = Debug|Any CPU
		{10C8D582-BA75-4C45-9379-9EC77A28AA2F}.Release|Any CPU.ActiveCfg = Release|Any CPU
		{10C8D582-BA75-4C45-9379-9EC77A28AA2F}.Release|Any CPU.Build.0 = Release|Any CPU
		{2FBD9EFE-8BF2-49F4-A9DC-080E831FE6CC}.Debug|Any CPU.ActiveCfg = Debug|Any CPU
		{2FBD9EFE-8BF2-49F4-A9DC-080E831FE6CC}.Debug|Any CPU.Build.0 = Debug|Any CPU
		{2FBD9EFE-8BF2-49F4-A9DC-080E831FE6CC}.Release|Any CPU.ActiveCfg = Release|Any CPU
		{2FBD9EFE-8BF2-49F4-A9DC-080E831FE6CC}.Release|Any CPU.Build.0 = Release|Any CPU
		{7F361DDC-F7BB-4402-ACB5-033FA8B1E943}.Debug|Any CPU.ActiveCfg = Debug|Any CPU
		{7F361DDC-F7BB-4402-ACB5-033FA8B1E943}.Debug|Any CPU.Build.0 = Debug|Any CPU
		{7F361DDC-F7BB-4402-ACB5-033FA8B1E943}.Release|Any CPU.ActiveCfg = Release|Any CPU
		{7F361DDC-F7BB-4402-ACB5-033FA8B1E943}.Release|Any CPU.Build.0 = Release|Any CPU
		{E6A31EBE-ADB7-4123-9269-6B5383FBAF97}.Debug|Any CPU.ActiveCfg = Debug|Any CPU
		{E6A31EBE-ADB7-4123-9269-6B5383FBAF97}.Debug|Any CPU.Build.0 = Debug|Any CPU
		{E6A31EBE-ADB7-4123-9269-6B5383FBAF97}.Release|Any CPU.ActiveCfg = Release|Any CPU
		{E6A31EBE-ADB7-4123-9269-6B5383FBAF97}.Release|Any CPU.Build.0 = Release|Any CPU
		{2D9FE452-D65B-4045-97C1-5481C99BEF7F}.Debug|Any CPU.ActiveCfg = Debug|Any CPU
		{2D9FE452-D65B-4045-97C1-5481C99BEF7F}.Debug|Any CPU.Build.0 = Debug|Any CPU
		{2D9FE452-D65B-4045-97C1-5481C99BEF7F}.Release|Any CPU.ActiveCfg = Release|Any CPU
		{2D9FE452-D65B-4045-97C1-5481C99BEF7F}.Release|Any CPU.Build.0 = Release|Any CPU
		{23C44E43-9294-433B-AE3B-570CB4F90B6D}.Debug|Any CPU.ActiveCfg = Debug|Any CPU
		{23C44E43-9294-433B-AE3B-570CB4F90B6D}.Debug|Any CPU.Build.0 = Debug|Any CPU
		{23C44E43-9294-433B-AE3B-570CB4F90B6D}.Release|Any CPU.ActiveCfg = Release|Any CPU
		{23C44E43-9294-433B-AE3B-570CB4F90B6D}.Release|Any CPU.Build.0 = Release|Any CPU
		{48C14115-B682-46F2-A4F8-ADB3F7DB7C0B}.Debug|Any CPU.ActiveCfg = Debug|Any CPU
		{48C14115-B682-46F2-A4F8-ADB3F7DB7C0B}.Debug|Any CPU.Build.0 = Debug|Any CPU
		{48C14115-B682-46F2-A4F8-ADB3F7DB7C0B}.Release|Any CPU.ActiveCfg = Release|Any CPU
		{48C14115-B682-46F2-A4F8-ADB3F7DB7C0B}.Release|Any CPU.Build.0 = Release|Any CPU
		{DDF868D0-0B90-459B-B778-0577A9237D88}.Debug|Any CPU.ActiveCfg = Debug|Any CPU
		{DDF868D0-0B90-459B-B778-0577A9237D88}.Debug|Any CPU.Build.0 = Debug|Any CPU
		{DDF868D0-0B90-459B-B778-0577A9237D88}.Release|Any CPU.ActiveCfg = Release|Any CPU
		{DDF868D0-0B90-459B-B778-0577A9237D88}.Release|Any CPU.Build.0 = Release|Any CPU
		{47A6770F-0AA7-4EA3-AF9B-A4D03304B451}.Debug|Any CPU.ActiveCfg = Debug|Any CPU
		{47A6770F-0AA7-4EA3-AF9B-A4D03304B451}.Debug|Any CPU.Build.0 = Debug|Any CPU
		{47A6770F-0AA7-4EA3-AF9B-A4D03304B451}.Release|Any CPU.ActiveCfg = Release|Any CPU
		{47A6770F-0AA7-4EA3-AF9B-A4D03304B451}.Release|Any CPU.Build.0 = Release|Any CPU
		{E2E5F56E-C7FC-49AF-9384-2FAA9ECC3604}.Debug|Any CPU.ActiveCfg = Debug|Any CPU
		{E2E5F56E-C7FC-49AF-9384-2FAA9ECC3604}.Debug|Any CPU.Build.0 = Debug|Any CPU
		{E2E5F56E-C7FC-49AF-9384-2FAA9ECC3604}.Release|Any CPU.ActiveCfg = Release|Any CPU
		{E2E5F56E-C7FC-49AF-9384-2FAA9ECC3604}.Release|Any CPU.Build.0 = Release|Any CPU
		{E2355AC4-7684-4FE2-A5F6-66320596BB58}.Debug|Any CPU.ActiveCfg = Debug|Any CPU
		{E2355AC4-7684-4FE2-A5F6-66320596BB58}.Debug|Any CPU.Build.0 = Debug|Any CPU
		{E2355AC4-7684-4FE2-A5F6-66320596BB58}.Release|Any CPU.ActiveCfg = Release|Any CPU
		{E2355AC4-7684-4FE2-A5F6-66320596BB58}.Release|Any CPU.Build.0 = Release|Any CPU
		{1F19372F-23E0-4F66-ADFE-4D356EB9E1A1}.Debug|Any CPU.ActiveCfg = Debug|Any CPU
		{1F19372F-23E0-4F66-ADFE-4D356EB9E1A1}.Debug|Any CPU.Build.0 = Debug|Any CPU
		{1F19372F-23E0-4F66-ADFE-4D356EB9E1A1}.Release|Any CPU.ActiveCfg = Release|Any CPU
		{1F19372F-23E0-4F66-ADFE-4D356EB9E1A1}.Release|Any CPU.Build.0 = Release|Any CPU
	EndGlobalSection
	GlobalSection(SolutionProperties) = preSolution
		HideSolutionNode = FALSE
	EndGlobalSection
	GlobalSection(NestedProjects) = preSolution
		{2D51CA75-3002-4485-9834-A70BB6B923FD} = {41DA389D-8FD3-4CC0-B012-5825FE714E87}
		{10C8D582-BA75-4C45-9379-9EC77A28AA2F} = {41DA389D-8FD3-4CC0-B012-5825FE714E87}
		{2FBD9EFE-8BF2-49F4-A9DC-080E831FE6CC} = {066ADA6B-80D9-4679-BF94-2743B59B5C29}
		{7F361DDC-F7BB-4402-ACB5-033FA8B1E943} = {41DA389D-8FD3-4CC0-B012-5825FE714E87}
		{E6A31EBE-ADB7-4123-9269-6B5383FBAF97} = {41DA389D-8FD3-4CC0-B012-5825FE714E87}
		{2D9FE452-D65B-4045-97C1-5481C99BEF7F} = {41DA389D-8FD3-4CC0-B012-5825FE714E87}
		{23C44E43-9294-433B-AE3B-570CB4F90B6D} = {6914849E-07C0-4D13-8259-A141523454DA}
		{48C14115-B682-46F2-A4F8-ADB3F7DB7C0B} = {41DA389D-8FD3-4CC0-B012-5825FE714E87}
		{DDF868D0-0B90-459B-B778-0577A9237D88} = {41DA389D-8FD3-4CC0-B012-5825FE714E87}
		{47A6770F-0AA7-4EA3-AF9B-A4D03304B451} = {41DA389D-8FD3-4CC0-B012-5825FE714E87}
		{E2E5F56E-C7FC-49AF-9384-2FAA9ECC3604} = {41DA389D-8FD3-4CC0-B012-5825FE714E87}
		{E2355AC4-7684-4FE2-A5F6-66320596BB58} = {6914849E-07C0-4D13-8259-A141523454DA}
		{1F19372F-23E0-4F66-ADFE-4D356EB9E1A1} = {6914849E-07C0-4D13-8259-A141523454DA}
	EndGlobalSection
EndGlobal
