
Microsoft Visual Studio Solution File, Format Version 12.00
# Visual Studio Version 17
VisualStudioVersion = 17.0.31717.71
MinimumVisualStudioVersion = 10.0.40219.1
Project("{2150E333-8FDC-42A3-9474-1A3956D46DE8}") = "src", "src", "{41DA389D-8FD3-4CC0-B012-5825FE714E87}"
EndProject
Project("{2150E333-8FDC-42A3-9474-1A3956D46DE8}") = "Solution Items", "Solution Items", "{0DA18258-DC3F-475D-B6CA-AB3BD6E2DD76}"
	ProjectSection(SolutionItems) = preProject
		.editorconfig = .editorconfig
		appveyor.yml = appveyor.yml
		azure-pipelines.yml = azure-pipelines.yml
		build.ps1 = build.ps1
		global.json = global.json
		LICENSE = LICENSE
		NuGet.Config = NuGet.Config
		README.md = README.md
	EndProjectSection
EndProject
Project("{2150E333-8FDC-42A3-9474-1A3956D46DE8}") = "samples", "samples", "{066ADA6B-80D9-4679-BF94-2743B59B5C29}"
EndProject
Project("{2150E333-8FDC-42A3-9474-1A3956D46DE8}") = "test", "test", "{6914849E-07C0-4D13-8259-A141523454DA}"
EndProject
Project("{9A19103F-16F7-4668-BE54-9A1E7A4F7556}") = "Odachi.AspNetCore.Authentication.Basic", "src\Odachi.AspNetCore.Authentication.Basic\Odachi.AspNetCore.Authentication.Basic.csproj", "{10C8D582-BA75-4C45-9379-9EC77A28AA2F}"
EndProject
Project("{9A19103F-16F7-4668-BE54-9A1E7A4F7556}") = "Odachi.Security", "src\Odachi.Security\Odachi.Security.csproj", "{7F361DDC-F7BB-4402-ACB5-033FA8B1E943}"
EndProject
Project("{9A19103F-16F7-4668-BE54-9A1E7A4F7556}") = "Odachi.AspNetCore.Mvc", "src\Odachi.AspNetCore.Mvc\Odachi.AspNetCore.Mvc.csproj", "{47A6770F-0AA7-4EA3-AF9B-A4D03304B451}"
EndProject
Project("{9A19103F-16F7-4668-BE54-9A1E7A4F7556}") = "Odachi.Gettext", "src\Odachi.Gettext\Odachi.Gettext.csproj", "{E2E5F56E-C7FC-49AF-9384-2FAA9ECC3604}"
EndProject
Project("{9A19103F-16F7-4668-BE54-9A1E7A4F7556}") = "Odachi.Gettext.Tests", "test\Odachi.Gettext.Tests\Odachi.Gettext.Tests.csproj", "{E2355AC4-7684-4FE2-A5F6-66320596BB58}"
EndProject
Project("{9A19103F-16F7-4668-BE54-9A1E7A4F7556}") = "Odachi.Security.Tests", "test\Odachi.Security.Tests\Odachi.Security.Tests.csproj", "{1F19372F-23E0-4F66-ADFE-4D356EB9E1A1}"
EndProject
Project("{9A19103F-16F7-4668-BE54-9A1E7A4F7556}") = "Odachi.Abstractions", "src\Odachi.Abstractions\Odachi.Abstractions.csproj", "{2FB3E232-C469-4A8A-AD41-5D5EA9520DD0}"
EndProject
Project("{9A19103F-16F7-4668-BE54-9A1E7A4F7556}") = "Odachi.Annotations", "src\Odachi.Annotations\Odachi.Annotations.csproj", "{CCBF3CF2-75E2-416E-BAB2-C84AA1EB225B}"
EndProject
Project("{9A19103F-16F7-4668-BE54-9A1E7A4F7556}") = "Odachi.AspNetCore.JsonRpc", "src\Odachi.AspNetCore.JsonRpc\Odachi.AspNetCore.JsonRpc.csproj", "{DD49C151-41D5-4854-8D05-793D61A349F1}"
EndProject
Project("{9A19103F-16F7-4668-BE54-9A1E7A4F7556}") = "Odachi.Validation", "src\Odachi.Validation\Odachi.Validation.csproj", "{F5FD4836-9878-482E-846C-8B42A21BCB8B}"
EndProject
Project("{9A19103F-16F7-4668-BE54-9A1E7A4F7556}") = "Odachi.CodeGen", "src\Odachi.CodeGen\Odachi.CodeGen.csproj", "{78648B0D-04C1-4B2D-89F7-1D0575C605A8}"
EndProject
Project("{9A19103F-16F7-4668-BE54-9A1E7A4F7556}") = "Odachi.CodeGen.CSharp", "src\Odachi.CodeGen.CSharp\Odachi.CodeGen.CSharp.csproj", "{34328805-1015-45EA-B461-FE9B9E99C97C}"
EndProject
Project("{9A19103F-16F7-4668-BE54-9A1E7A4F7556}") = "Odachi.CodeGen.TypeScript", "src\Odachi.CodeGen.TypeScript\Odachi.CodeGen.TypeScript.csproj", "{8748721A-D4CA-418D-A40C-DBB85CD22564}"
EndProject
Project("{2150E333-8FDC-42A3-9474-1A3956D46DE8}") = "tools", "tools", "{FC7DD2D4-DB33-4428-86A5-84EA665084C5}"
	ProjectSection(SolutionItems) = preProject
		tools\common.props = tools\common.props
		tools\library.props = tools\library.props
	EndProjectSection
EndProject
Project("{9A19103F-16F7-4668-BE54-9A1E7A4F7556}") = "Odachi.Extensions.Reflection", "src\Odachi.Extensions.Reflection\Odachi.Extensions.Reflection.csproj", "{7EE40027-CA70-4ADE-9933-8B1E1DC4125B}"
EndProject
Project("{9A19103F-16F7-4668-BE54-9A1E7A4F7556}") = "Odachi.Extensions.Reflection.Tests", "test\Odachi.Extensions.Reflection.Tests\Odachi.Extensions.Reflection.Tests.csproj", "{19AD802F-89BC-4699-AEE1-96C5314ADD6D}"
EndProject
Project("{9A19103F-16F7-4668-BE54-9A1E7A4F7556}") = "JsonRpcSample", "samples\JsonRpcSample\JsonRpcSample.csproj", "{4DD617D9-3166-4D22-804E-8A9345A6C437}"
EndProject
Project("{9A19103F-16F7-4668-BE54-9A1E7A4F7556}") = "Odachi.CodeModel", "src\Odachi.CodeModel\Odachi.CodeModel.csproj", "{8E554E7E-C4F9-43E1-BC3E-638EC8078C35}"
EndProject
Project("{9A19103F-16F7-4668-BE54-9A1E7A4F7556}") = "Odachi.CodeGen.Tests", "test\Odachi.CodeGen.Tests\Odachi.CodeGen.Tests.csproj", "{0932C63C-BF98-464A-8C4F-507E33894330}"
EndProject
Project("{9A19103F-16F7-4668-BE54-9A1E7A4F7556}") = "Odachi.Extensions.Collections", "src\Odachi.Extensions.Collections\Odachi.Extensions.Collections.csproj", "{F8BBF1E0-FCA1-4CDB-BCBB-BF6563E87848}"
EndProject
Project("{9A19103F-16F7-4668-BE54-9A1E7A4F7556}") = "Odachi.EntityFrameworkCore", "src\Odachi.EntityFrameworkCore\Odachi.EntityFrameworkCore.csproj", "{49531241-2AA2-4B72-9D04-250B6961FA6D}"
EndProject
Project("{9A19103F-16F7-4668-BE54-9A1E7A4F7556}") = "Odachi.Extensions.Formatting", "src\Odachi.Extensions.Formatting\Odachi.Extensions.Formatting.csproj", "{F565B6F1-F3E9-489E-83F3-EB33242C000E}"
EndProject
Project("{9A19103F-16F7-4668-BE54-9A1E7A4F7556}") = "Odachi.Extensions.Formatting.Tests", "test\Odachi.Extensions.Formatting.Tests\Odachi.Extensions.Formatting.Tests.csproj", "{17BB4886-C93E-487E-ADEE-46D0641683C0}"
EndProject
Project("{9A19103F-16F7-4668-BE54-9A1E7A4F7556}") = "Odachi.Extensions.Primitives", "src\Odachi.Extensions.Primitives\Odachi.Extensions.Primitives.csproj", "{3C19FDAC-6FA4-40D1-990E-A349DF114124}"
EndProject
Project("{9A19103F-16F7-4668-BE54-9A1E7A4F7556}") = "Odachi.Validation.Tests", "test\Odachi.Validation.Tests\Odachi.Validation.Tests.csproj", "{67E563A8-A2DE-4F21-BF8A-CF324DADF13F}"
EndProject
Project("{9A19103F-16F7-4668-BE54-9A1E7A4F7556}") = "Odachi.CodeModel.Providers.FluentValidation", "src\Odachi.CodeModel.Providers.FluentValidation\Odachi.CodeModel.Providers.FluentValidation.csproj", "{68586092-8500-47A8-BC7B-FB90D62AB94C}"
EndProject
Project("{9A19103F-16F7-4668-BE54-9A1E7A4F7556}") = "Odachi.CodeModel.Providers.JsonRpc", "src\Odachi.CodeModel.Providers.JsonRpc\Odachi.CodeModel.Providers.JsonRpc.csproj", "{ADE8E595-B4E1-406B-BB5A-DBD59AB18A29}"
EndProject
Project("{9A19103F-16F7-4668-BE54-9A1E7A4F7556}") = "Odachi.CodeModel.Providers.Validation", "src\Odachi.CodeModel.Providers.Validation\Odachi.CodeModel.Providers.Validation.csproj", "{F32D9E48-D73C-448E-8F59-6F6AD168C5FB}"
EndProject
Project("{9A19103F-16F7-4668-BE54-9A1E7A4F7556}") = "Odachi.JsonRpc.Client", "src\Odachi.JsonRpc.Client\Odachi.JsonRpc.Client.csproj", "{DCC165BF-9AE0-479A-9667-E13C08FBB073}"
EndProject
Project("{9A19103F-16F7-4668-BE54-9A1E7A4F7556}") = "JsonRpcClientSample", "samples\JsonRpcClientSample\JsonRpcClientSample.csproj", "{6C7EA892-AA5A-4A09-8EF8-3B0280C54943}"
EndProject
Project("{9A19103F-16F7-4668-BE54-9A1E7A4F7556}") = "Odachi.JsonRpc.Common", "src\Odachi.JsonRpc.Common\Odachi.JsonRpc.Common.csproj", "{2E851E13-F33F-4309-B98A-C088CDD9786A}"
EndProject
Project("{9A19103F-16F7-4668-BE54-9A1E7A4F7556}") = "Odachi.JsonRpc.Client.Http", "src\Odachi.JsonRpc.Client.Http\Odachi.JsonRpc.Client.Http.csproj", "{D9ECBE13-4B00-409E-B60B-B2EE2E3B304E}"
EndProject
Project("{9A19103F-16F7-4668-BE54-9A1E7A4F7556}") = "Odachi.Extensions.Primitives.Tests", "test\Odachi.Extensions.Primitives.Tests\Odachi.Extensions.Primitives.Tests.csproj", "{B258C15B-7976-410D-A887-6DE6A23703CD}"
EndProject
Project("{9A19103F-16F7-4668-BE54-9A1E7A4F7556}") = "Odachi.Storage.FileSystem", "src\Odachi.Storage.FileSystem\Odachi.Storage.FileSystem.csproj", "{36E8CA88-A065-4668-A246-1CFD73072164}"
EndProject
Project("{9A19103F-16F7-4668-BE54-9A1E7A4F7556}") = "Odachi.Storage.Azure", "src\Odachi.Storage.Azure\Odachi.Storage.Azure.csproj", "{75B01DA7-5BF1-45A8-B554-78B83DCC09F6}"
EndProject
Project("{9A19103F-16F7-4668-BE54-9A1E7A4F7556}") = "Odachi.Storage.FileSystem.Tests", "test\Odachi.Storage.FileSystem.Tests\Odachi.Storage.FileSystem.Tests.csproj", "{AA49E4A0-82FA-41BC-8721-A4F5CE401B0F}"
EndProject
Project("{9A19103F-16F7-4668-BE54-9A1E7A4F7556}") = "Odachi.CodeModel.Tests", "test\Odachi.CodeModel.Tests\Odachi.CodeModel.Tests.csproj", "{A5E70E53-9CD8-4C05-B284-D47218070D9C}"
EndProject
Project("{9A19103F-16F7-4668-BE54-9A1E7A4F7556}") = "Odachi.CodeGen.TypeScript.Tests", "test\Odachi.CodeGen.TypeScript.Tests\Odachi.CodeGen.TypeScript.Tests.csproj", "{EDB622E7-69E3-4280-9434-09C487FCB094}"
EndProject
Project("{9A19103F-16F7-4668-BE54-9A1E7A4F7556}") = "Odachi.JsonRpc.Server", "src\Odachi.JsonRpc.Server\Odachi.JsonRpc.Server.csproj", "{3D39B07C-FC3E-4DA2-A685-15A9EE701001}"
EndProject
Project("{9A19103F-16F7-4668-BE54-9A1E7A4F7556}") = "Odachi.JsonRpc.Server.Tests", "test\Odachi.JsonRpc.Server.Tests\Odachi.JsonRpc.Server.Tests.csproj", "{8FF9821F-1632-49B1-B398-7B494522EECB}"
EndProject
Project("{9A19103F-16F7-4668-BE54-9A1E7A4F7556}") = "Odachi.CodeGen.TypeScript.StackinoUno", "src\Odachi.CodeGen.TypeScript.StackinoUno\Odachi.CodeGen.TypeScript.StackinoUno.csproj", "{BC9F54F1-CD99-40E6-992E-B5D6BF54C4CA}"
EndProject
Project("{9A19103F-16F7-4668-BE54-9A1E7A4F7556}") = "Odachi.CodeGen.TypeScript.StackinoUno.Tests", "test\Odachi.CodeGen.TypeScript.StackinoUno.Tests\Odachi.CodeGen.TypeScript.StackinoUno.Tests.csproj", "{5B8D4E8E-690E-4173-B385-3375EE8FF6CF}"
EndProject
Project("{9A19103F-16F7-4668-BE54-9A1E7A4F7556}") = "Odachi.CodeGen.TypeScript.StackinoDue", "src\Odachi.CodeGen.TypeScript.StackinoDue\Odachi.CodeGen.TypeScript.StackinoDue.csproj", "{1547C4B8-1091-407A-8CB9-EBE7C6CE7F0C}"
EndProject
Project("{9A19103F-16F7-4668-BE54-9A1E7A4F7556}") = "BasicAuthenticationSample", "samples\BasicAuthenticationSample\BasicAuthenticationSample.csproj", "{C519AAED-1C33-4753-A69D-E78AE1BC0A22}"
EndProject
Project("{9A19103F-16F7-4668-BE54-9A1E7A4F7556}") = "Odachi.CodeGen.TypeScript.StackinoDue.Tests", "test\Odachi.CodeGen.TypeScript.StackinoDue.Tests\Odachi.CodeGen.TypeScript.StackinoDue.Tests.csproj", "{31A738E2-EA03-4F73-9C1B-34DFE0C49095}"
EndProject
Project("{9A19103F-16F7-4668-BE54-9A1E7A4F7556}") = "Odachi.CodeModel.Providers.FluentValidation.Tests", "test\Odachi.CodeModel.Providers.FluentValidation.Tests\Odachi.CodeModel.Providers.FluentValidation.Tests.csproj", "{486659A6-BD63-4D88-B38A-AB94855B1521}"
EndProject
Project("{9A19103F-16F7-4668-BE54-9A1E7A4F7556}") = "Odachi.Testing.Scenarios", "src\Odachi.Testing.Scenarios\Odachi.Testing.Scenarios.csproj", "{7296804D-EC38-4922-9214-A898F189E2F5}"
EndProject
Project("{9A19103F-16F7-4668-BE54-9A1E7A4F7556}") = "Odachi.Testing.Scenarios.Data", "src\Odachi.Testing.Scenarios.Data\Odachi.Testing.Scenarios.Data.csproj", "{B95936FB-D355-4401-A594-C03C853E2408}"
EndProject
Project("{9A19103F-16F7-4668-BE54-9A1E7A4F7556}") = "Odachi.Testing.Scenarios.Xunit", "src\Odachi.Testing.Scenarios.Xunit\Odachi.Testing.Scenarios.Xunit.csproj", "{CB1D9C37-905A-4146-8E25-6F73AA77206F}"
EndProject
Project("{9A19103F-16F7-4668-BE54-9A1E7A4F7556}") = "Odachi.Testing.Scenarios.Data.MySql", "src\Odachi.Testing.Scenarios.Data.MySql\Odachi.Testing.Scenarios.Data.MySql.csproj", "{82E1DEEF-38FB-4D55-8E3B-151B47FED5A5}"
EndProject
Project("{9A19103F-16F7-4668-BE54-9A1E7A4F7556}") = "Odachi.Testing.Scenarios.Data.Oracle", "src\Odachi.Testing.Scenarios.Data.Oracle\Odachi.Testing.Scenarios.Data.Oracle.csproj", "{77416FFA-584F-40C1-9C0E-30C41847E2FD}"
EndProject
Project("{9A19103F-16F7-4668-BE54-9A1E7A4F7556}") = "Odachi.Testing.Scenarios.Data.SqlServer", "src\Odachi.Testing.Scenarios.Data.SqlServer\Odachi.Testing.Scenarios.Data.SqlServer.csproj", "{C8FE228D-E15B-4034-ACD6-ABEA3D510DB7}"
EndProject
Project("{9A19103F-16F7-4668-BE54-9A1E7A4F7556}") = "Odachi.AspNetCore.Authentication.ApiKey", "src\Odachi.AspNetCore.Authentication.ApiKey\Odachi.AspNetCore.Authentication.ApiKey.csproj", "{9B85CACC-C569-473A-A9AD-5FAE7D052FC2}"
EndProject
Project("{9A19103F-16F7-4668-BE54-9A1E7A4F7556}") = "Odachi.Testing.Scenarios.Data.PostgreSQL", "src\Odachi.Testing.Scenarios.Data.PostgreSQL\Odachi.Testing.Scenarios.Data.PostgreSQL.csproj", "{FCD8A4EC-3BC2-4AE9-A83C-0713B9C068BD}"
EndProject
Global
	GlobalSection(SolutionConfigurationPlatforms) = preSolution
		Debug|Any CPU = Debug|Any CPU
		Debug|x64 = Debug|x64
		Debug|x86 = Debug|x86
		Release|Any CPU = Release|Any CPU
		Release|x64 = Release|x64
		Release|x86 = Release|x86
	EndGlobalSection
	GlobalSection(ProjectConfigurationPlatforms) = postSolution
		{10C8D582-BA75-4C45-9379-9EC77A28AA2F}.Debug|Any CPU.ActiveCfg = Debug|Any CPU
		{10C8D582-BA75-4C45-9379-9EC77A28AA2F}.Debug|Any CPU.Build.0 = Debug|Any CPU
		{10C8D582-BA75-4C45-9379-9EC77A28AA2F}.Debug|x64.ActiveCfg = Debug|Any CPU
		{10C8D582-BA75-4C45-9379-9EC77A28AA2F}.Debug|x64.Build.0 = Debug|Any CPU
		{10C8D582-BA75-4C45-9379-9EC77A28AA2F}.Debug|x86.ActiveCfg = Debug|Any CPU
		{10C8D582-BA75-4C45-9379-9EC77A28AA2F}.Debug|x86.Build.0 = Debug|Any CPU
		{10C8D582-BA75-4C45-9379-9EC77A28AA2F}.Release|Any CPU.ActiveCfg = Release|Any CPU
		{10C8D582-BA75-4C45-9379-9EC77A28AA2F}.Release|Any CPU.Build.0 = Release|Any CPU
		{10C8D582-BA75-4C45-9379-9EC77A28AA2F}.Release|x64.ActiveCfg = Release|Any CPU
		{10C8D582-BA75-4C45-9379-9EC77A28AA2F}.Release|x64.Build.0 = Release|Any CPU
		{10C8D582-BA75-4C45-9379-9EC77A28AA2F}.Release|x86.ActiveCfg = Release|Any CPU
		{10C8D582-BA75-4C45-9379-9EC77A28AA2F}.Release|x86.Build.0 = Release|Any CPU
		{7F361DDC-F7BB-4402-ACB5-033FA8B1E943}.Debug|Any CPU.ActiveCfg = Debug|Any CPU
		{7F361DDC-F7BB-4402-ACB5-033FA8B1E943}.Debug|Any CPU.Build.0 = Debug|Any CPU
		{7F361DDC-F7BB-4402-ACB5-033FA8B1E943}.Debug|x64.ActiveCfg = Debug|Any CPU
		{7F361DDC-F7BB-4402-ACB5-033FA8B1E943}.Debug|x64.Build.0 = Debug|Any CPU
		{7F361DDC-F7BB-4402-ACB5-033FA8B1E943}.Debug|x86.ActiveCfg = Debug|Any CPU
		{7F361DDC-F7BB-4402-ACB5-033FA8B1E943}.Debug|x86.Build.0 = Debug|Any CPU
		{7F361DDC-F7BB-4402-ACB5-033FA8B1E943}.Release|Any CPU.ActiveCfg = Release|Any CPU
		{7F361DDC-F7BB-4402-ACB5-033FA8B1E943}.Release|Any CPU.Build.0 = Release|Any CPU
		{7F361DDC-F7BB-4402-ACB5-033FA8B1E943}.Release|x64.ActiveCfg = Release|Any CPU
		{7F361DDC-F7BB-4402-ACB5-033FA8B1E943}.Release|x64.Build.0 = Release|Any CPU
		{7F361DDC-F7BB-4402-ACB5-033FA8B1E943}.Release|x86.ActiveCfg = Release|Any CPU
		{7F361DDC-F7BB-4402-ACB5-033FA8B1E943}.Release|x86.Build.0 = Release|Any CPU
		{47A6770F-0AA7-4EA3-AF9B-A4D03304B451}.Debug|Any CPU.ActiveCfg = Debug|Any CPU
		{47A6770F-0AA7-4EA3-AF9B-A4D03304B451}.Debug|Any CPU.Build.0 = Debug|Any CPU
		{47A6770F-0AA7-4EA3-AF9B-A4D03304B451}.Debug|x64.ActiveCfg = Debug|Any CPU
		{47A6770F-0AA7-4EA3-AF9B-A4D03304B451}.Debug|x64.Build.0 = Debug|Any CPU
		{47A6770F-0AA7-4EA3-AF9B-A4D03304B451}.Debug|x86.ActiveCfg = Debug|Any CPU
		{47A6770F-0AA7-4EA3-AF9B-A4D03304B451}.Debug|x86.Build.0 = Debug|Any CPU
		{47A6770F-0AA7-4EA3-AF9B-A4D03304B451}.Release|Any CPU.ActiveCfg = Release|Any CPU
		{47A6770F-0AA7-4EA3-AF9B-A4D03304B451}.Release|Any CPU.Build.0 = Release|Any CPU
		{47A6770F-0AA7-4EA3-AF9B-A4D03304B451}.Release|x64.ActiveCfg = Release|Any CPU
		{47A6770F-0AA7-4EA3-AF9B-A4D03304B451}.Release|x64.Build.0 = Release|Any CPU
		{47A6770F-0AA7-4EA3-AF9B-A4D03304B451}.Release|x86.ActiveCfg = Release|Any CPU
		{47A6770F-0AA7-4EA3-AF9B-A4D03304B451}.Release|x86.Build.0 = Release|Any CPU
		{E2E5F56E-C7FC-49AF-9384-2FAA9ECC3604}.Debug|Any CPU.ActiveCfg = Debug|Any CPU
		{E2E5F56E-C7FC-49AF-9384-2FAA9ECC3604}.Debug|Any CPU.Build.0 = Debug|Any CPU
		{E2E5F56E-C7FC-49AF-9384-2FAA9ECC3604}.Debug|x64.ActiveCfg = Debug|Any CPU
		{E2E5F56E-C7FC-49AF-9384-2FAA9ECC3604}.Debug|x64.Build.0 = Debug|Any CPU
		{E2E5F56E-C7FC-49AF-9384-2FAA9ECC3604}.Debug|x86.ActiveCfg = Debug|Any CPU
		{E2E5F56E-C7FC-49AF-9384-2FAA9ECC3604}.Debug|x86.Build.0 = Debug|Any CPU
		{E2E5F56E-C7FC-49AF-9384-2FAA9ECC3604}.Release|Any CPU.ActiveCfg = Release|Any CPU
		{E2E5F56E-C7FC-49AF-9384-2FAA9ECC3604}.Release|Any CPU.Build.0 = Release|Any CPU
		{E2E5F56E-C7FC-49AF-9384-2FAA9ECC3604}.Release|x64.ActiveCfg = Release|Any CPU
		{E2E5F56E-C7FC-49AF-9384-2FAA9ECC3604}.Release|x64.Build.0 = Release|Any CPU
		{E2E5F56E-C7FC-49AF-9384-2FAA9ECC3604}.Release|x86.ActiveCfg = Release|Any CPU
		{E2E5F56E-C7FC-49AF-9384-2FAA9ECC3604}.Release|x86.Build.0 = Release|Any CPU
		{E2355AC4-7684-4FE2-A5F6-66320596BB58}.Debug|Any CPU.ActiveCfg = Debug|Any CPU
		{E2355AC4-7684-4FE2-A5F6-66320596BB58}.Debug|Any CPU.Build.0 = Debug|Any CPU
		{E2355AC4-7684-4FE2-A5F6-66320596BB58}.Debug|x64.ActiveCfg = Debug|Any CPU
		{E2355AC4-7684-4FE2-A5F6-66320596BB58}.Debug|x64.Build.0 = Debug|Any CPU
		{E2355AC4-7684-4FE2-A5F6-66320596BB58}.Debug|x86.ActiveCfg = Debug|Any CPU
		{E2355AC4-7684-4FE2-A5F6-66320596BB58}.Debug|x86.Build.0 = Debug|Any CPU
		{E2355AC4-7684-4FE2-A5F6-66320596BB58}.Release|Any CPU.ActiveCfg = Release|Any CPU
		{E2355AC4-7684-4FE2-A5F6-66320596BB58}.Release|Any CPU.Build.0 = Release|Any CPU
		{E2355AC4-7684-4FE2-A5F6-66320596BB58}.Release|x64.ActiveCfg = Release|Any CPU
		{E2355AC4-7684-4FE2-A5F6-66320596BB58}.Release|x64.Build.0 = Release|Any CPU
		{E2355AC4-7684-4FE2-A5F6-66320596BB58}.Release|x86.ActiveCfg = Release|Any CPU
		{E2355AC4-7684-4FE2-A5F6-66320596BB58}.Release|x86.Build.0 = Release|Any CPU
		{1F19372F-23E0-4F66-ADFE-4D356EB9E1A1}.Debug|Any CPU.ActiveCfg = Debug|Any CPU
		{1F19372F-23E0-4F66-ADFE-4D356EB9E1A1}.Debug|Any CPU.Build.0 = Debug|Any CPU
		{1F19372F-23E0-4F66-ADFE-4D356EB9E1A1}.Debug|x64.ActiveCfg = Debug|Any CPU
		{1F19372F-23E0-4F66-ADFE-4D356EB9E1A1}.Debug|x64.Build.0 = Debug|Any CPU
		{1F19372F-23E0-4F66-ADFE-4D356EB9E1A1}.Debug|x86.ActiveCfg = Debug|Any CPU
		{1F19372F-23E0-4F66-ADFE-4D356EB9E1A1}.Debug|x86.Build.0 = Debug|Any CPU
		{1F19372F-23E0-4F66-ADFE-4D356EB9E1A1}.Release|Any CPU.ActiveCfg = Release|Any CPU
		{1F19372F-23E0-4F66-ADFE-4D356EB9E1A1}.Release|Any CPU.Build.0 = Release|Any CPU
		{1F19372F-23E0-4F66-ADFE-4D356EB9E1A1}.Release|x64.ActiveCfg = Release|Any CPU
		{1F19372F-23E0-4F66-ADFE-4D356EB9E1A1}.Release|x64.Build.0 = Release|Any CPU
		{1F19372F-23E0-4F66-ADFE-4D356EB9E1A1}.Release|x86.ActiveCfg = Release|Any CPU
		{1F19372F-23E0-4F66-ADFE-4D356EB9E1A1}.Release|x86.Build.0 = Release|Any CPU
		{2FB3E232-C469-4A8A-AD41-5D5EA9520DD0}.Debug|Any CPU.ActiveCfg = Debug|Any CPU
		{2FB3E232-C469-4A8A-AD41-5D5EA9520DD0}.Debug|Any CPU.Build.0 = Debug|Any CPU
		{2FB3E232-C469-4A8A-AD41-5D5EA9520DD0}.Debug|x64.ActiveCfg = Debug|Any CPU
		{2FB3E232-C469-4A8A-AD41-5D5EA9520DD0}.Debug|x64.Build.0 = Debug|Any CPU
		{2FB3E232-C469-4A8A-AD41-5D5EA9520DD0}.Debug|x86.ActiveCfg = Debug|Any CPU
		{2FB3E232-C469-4A8A-AD41-5D5EA9520DD0}.Debug|x86.Build.0 = Debug|Any CPU
		{2FB3E232-C469-4A8A-AD41-5D5EA9520DD0}.Release|Any CPU.ActiveCfg = Release|Any CPU
		{2FB3E232-C469-4A8A-AD41-5D5EA9520DD0}.Release|Any CPU.Build.0 = Release|Any CPU
		{2FB3E232-C469-4A8A-AD41-5D5EA9520DD0}.Release|x64.ActiveCfg = Release|Any CPU
		{2FB3E232-C469-4A8A-AD41-5D5EA9520DD0}.Release|x64.Build.0 = Release|Any CPU
		{2FB3E232-C469-4A8A-AD41-5D5EA9520DD0}.Release|x86.ActiveCfg = Release|Any CPU
		{2FB3E232-C469-4A8A-AD41-5D5EA9520DD0}.Release|x86.Build.0 = Release|Any CPU
		{CCBF3CF2-75E2-416E-BAB2-C84AA1EB225B}.Debug|Any CPU.ActiveCfg = Debug|Any CPU
		{CCBF3CF2-75E2-416E-BAB2-C84AA1EB225B}.Debug|Any CPU.Build.0 = Debug|Any CPU
		{CCBF3CF2-75E2-416E-BAB2-C84AA1EB225B}.Debug|x64.ActiveCfg = Debug|Any CPU
		{CCBF3CF2-75E2-416E-BAB2-C84AA1EB225B}.Debug|x64.Build.0 = Debug|Any CPU
		{CCBF3CF2-75E2-416E-BAB2-C84AA1EB225B}.Debug|x86.ActiveCfg = Debug|Any CPU
		{CCBF3CF2-75E2-416E-BAB2-C84AA1EB225B}.Debug|x86.Build.0 = Debug|Any CPU
		{CCBF3CF2-75E2-416E-BAB2-C84AA1EB225B}.Release|Any CPU.ActiveCfg = Release|Any CPU
		{CCBF3CF2-75E2-416E-BAB2-C84AA1EB225B}.Release|Any CPU.Build.0 = Release|Any CPU
		{CCBF3CF2-75E2-416E-BAB2-C84AA1EB225B}.Release|x64.ActiveCfg = Release|Any CPU
		{CCBF3CF2-75E2-416E-BAB2-C84AA1EB225B}.Release|x64.Build.0 = Release|Any CPU
		{CCBF3CF2-75E2-416E-BAB2-C84AA1EB225B}.Release|x86.ActiveCfg = Release|Any CPU
		{CCBF3CF2-75E2-416E-BAB2-C84AA1EB225B}.Release|x86.Build.0 = Release|Any CPU
		{DD49C151-41D5-4854-8D05-793D61A349F1}.Debug|Any CPU.ActiveCfg = Debug|Any CPU
		{DD49C151-41D5-4854-8D05-793D61A349F1}.Debug|Any CPU.Build.0 = Debug|Any CPU
		{DD49C151-41D5-4854-8D05-793D61A349F1}.Debug|x64.ActiveCfg = Debug|Any CPU
		{DD49C151-41D5-4854-8D05-793D61A349F1}.Debug|x64.Build.0 = Debug|Any CPU
		{DD49C151-41D5-4854-8D05-793D61A349F1}.Debug|x86.ActiveCfg = Debug|Any CPU
		{DD49C151-41D5-4854-8D05-793D61A349F1}.Debug|x86.Build.0 = Debug|Any CPU
		{DD49C151-41D5-4854-8D05-793D61A349F1}.Release|Any CPU.ActiveCfg = Release|Any CPU
		{DD49C151-41D5-4854-8D05-793D61A349F1}.Release|Any CPU.Build.0 = Release|Any CPU
		{DD49C151-41D5-4854-8D05-793D61A349F1}.Release|x64.ActiveCfg = Release|Any CPU
		{DD49C151-41D5-4854-8D05-793D61A349F1}.Release|x64.Build.0 = Release|Any CPU
		{DD49C151-41D5-4854-8D05-793D61A349F1}.Release|x86.ActiveCfg = Release|Any CPU
		{DD49C151-41D5-4854-8D05-793D61A349F1}.Release|x86.Build.0 = Release|Any CPU
		{F5FD4836-9878-482E-846C-8B42A21BCB8B}.Debug|Any CPU.ActiveCfg = Debug|Any CPU
		{F5FD4836-9878-482E-846C-8B42A21BCB8B}.Debug|Any CPU.Build.0 = Debug|Any CPU
		{F5FD4836-9878-482E-846C-8B42A21BCB8B}.Debug|x64.ActiveCfg = Debug|Any CPU
		{F5FD4836-9878-482E-846C-8B42A21BCB8B}.Debug|x64.Build.0 = Debug|Any CPU
		{F5FD4836-9878-482E-846C-8B42A21BCB8B}.Debug|x86.ActiveCfg = Debug|Any CPU
		{F5FD4836-9878-482E-846C-8B42A21BCB8B}.Debug|x86.Build.0 = Debug|Any CPU
		{F5FD4836-9878-482E-846C-8B42A21BCB8B}.Release|Any CPU.ActiveCfg = Release|Any CPU
		{F5FD4836-9878-482E-846C-8B42A21BCB8B}.Release|Any CPU.Build.0 = Release|Any CPU
		{F5FD4836-9878-482E-846C-8B42A21BCB8B}.Release|x64.ActiveCfg = Release|Any CPU
		{F5FD4836-9878-482E-846C-8B42A21BCB8B}.Release|x64.Build.0 = Release|Any CPU
		{F5FD4836-9878-482E-846C-8B42A21BCB8B}.Release|x86.ActiveCfg = Release|Any CPU
		{F5FD4836-9878-482E-846C-8B42A21BCB8B}.Release|x86.Build.0 = Release|Any CPU
		{78648B0D-04C1-4B2D-89F7-1D0575C605A8}.Debug|Any CPU.ActiveCfg = Debug|Any CPU
		{78648B0D-04C1-4B2D-89F7-1D0575C605A8}.Debug|Any CPU.Build.0 = Debug|Any CPU
		{78648B0D-04C1-4B2D-89F7-1D0575C605A8}.Debug|x64.ActiveCfg = Debug|Any CPU
		{78648B0D-04C1-4B2D-89F7-1D0575C605A8}.Debug|x64.Build.0 = Debug|Any CPU
		{78648B0D-04C1-4B2D-89F7-1D0575C605A8}.Debug|x86.ActiveCfg = Debug|Any CPU
		{78648B0D-04C1-4B2D-89F7-1D0575C605A8}.Debug|x86.Build.0 = Debug|Any CPU
		{78648B0D-04C1-4B2D-89F7-1D0575C605A8}.Release|Any CPU.ActiveCfg = Release|Any CPU
		{78648B0D-04C1-4B2D-89F7-1D0575C605A8}.Release|Any CPU.Build.0 = Release|Any CPU
		{78648B0D-04C1-4B2D-89F7-1D0575C605A8}.Release|x64.ActiveCfg = Release|Any CPU
		{78648B0D-04C1-4B2D-89F7-1D0575C605A8}.Release|x64.Build.0 = Release|Any CPU
		{78648B0D-04C1-4B2D-89F7-1D0575C605A8}.Release|x86.ActiveCfg = Release|Any CPU
		{78648B0D-04C1-4B2D-89F7-1D0575C605A8}.Release|x86.Build.0 = Release|Any CPU
		{34328805-1015-45EA-B461-FE9B9E99C97C}.Debug|Any CPU.ActiveCfg = Debug|Any CPU
		{34328805-1015-45EA-B461-FE9B9E99C97C}.Debug|Any CPU.Build.0 = Debug|Any CPU
		{34328805-1015-45EA-B461-FE9B9E99C97C}.Debug|x64.ActiveCfg = Debug|Any CPU
		{34328805-1015-45EA-B461-FE9B9E99C97C}.Debug|x64.Build.0 = Debug|Any CPU
		{34328805-1015-45EA-B461-FE9B9E99C97C}.Debug|x86.ActiveCfg = Debug|Any CPU
		{34328805-1015-45EA-B461-FE9B9E99C97C}.Debug|x86.Build.0 = Debug|Any CPU
		{34328805-1015-45EA-B461-FE9B9E99C97C}.Release|Any CPU.ActiveCfg = Release|Any CPU
		{34328805-1015-45EA-B461-FE9B9E99C97C}.Release|Any CPU.Build.0 = Release|Any CPU
		{34328805-1015-45EA-B461-FE9B9E99C97C}.Release|x64.ActiveCfg = Release|Any CPU
		{34328805-1015-45EA-B461-FE9B9E99C97C}.Release|x64.Build.0 = Release|Any CPU
		{34328805-1015-45EA-B461-FE9B9E99C97C}.Release|x86.ActiveCfg = Release|Any CPU
		{34328805-1015-45EA-B461-FE9B9E99C97C}.Release|x86.Build.0 = Release|Any CPU
		{8748721A-D4CA-418D-A40C-DBB85CD22564}.Debug|Any CPU.ActiveCfg = Debug|Any CPU
		{8748721A-D4CA-418D-A40C-DBB85CD22564}.Debug|Any CPU.Build.0 = Debug|Any CPU
		{8748721A-D4CA-418D-A40C-DBB85CD22564}.Debug|x64.ActiveCfg = Debug|Any CPU
		{8748721A-D4CA-418D-A40C-DBB85CD22564}.Debug|x64.Build.0 = Debug|Any CPU
		{8748721A-D4CA-418D-A40C-DBB85CD22564}.Debug|x86.ActiveCfg = Debug|Any CPU
		{8748721A-D4CA-418D-A40C-DBB85CD22564}.Debug|x86.Build.0 = Debug|Any CPU
		{8748721A-D4CA-418D-A40C-DBB85CD22564}.Release|Any CPU.ActiveCfg = Release|Any CPU
		{8748721A-D4CA-418D-A40C-DBB85CD22564}.Release|Any CPU.Build.0 = Release|Any CPU
		{8748721A-D4CA-418D-A40C-DBB85CD22564}.Release|x64.ActiveCfg = Release|Any CPU
		{8748721A-D4CA-418D-A40C-DBB85CD22564}.Release|x64.Build.0 = Release|Any CPU
		{8748721A-D4CA-418D-A40C-DBB85CD22564}.Release|x86.ActiveCfg = Release|Any CPU
		{8748721A-D4CA-418D-A40C-DBB85CD22564}.Release|x86.Build.0 = Release|Any CPU
		{7EE40027-CA70-4ADE-9933-8B1E1DC4125B}.Debug|Any CPU.ActiveCfg = Debug|Any CPU
		{7EE40027-CA70-4ADE-9933-8B1E1DC4125B}.Debug|Any CPU.Build.0 = Debug|Any CPU
		{7EE40027-CA70-4ADE-9933-8B1E1DC4125B}.Debug|x64.ActiveCfg = Debug|Any CPU
		{7EE40027-CA70-4ADE-9933-8B1E1DC4125B}.Debug|x64.Build.0 = Debug|Any CPU
		{7EE40027-CA70-4ADE-9933-8B1E1DC4125B}.Debug|x86.ActiveCfg = Debug|Any CPU
		{7EE40027-CA70-4ADE-9933-8B1E1DC4125B}.Debug|x86.Build.0 = Debug|Any CPU
		{7EE40027-CA70-4ADE-9933-8B1E1DC4125B}.Release|Any CPU.ActiveCfg = Release|Any CPU
		{7EE40027-CA70-4ADE-9933-8B1E1DC4125B}.Release|Any CPU.Build.0 = Release|Any CPU
		{7EE40027-CA70-4ADE-9933-8B1E1DC4125B}.Release|x64.ActiveCfg = Release|Any CPU
		{7EE40027-CA70-4ADE-9933-8B1E1DC4125B}.Release|x64.Build.0 = Release|Any CPU
		{7EE40027-CA70-4ADE-9933-8B1E1DC4125B}.Release|x86.ActiveCfg = Release|Any CPU
		{7EE40027-CA70-4ADE-9933-8B1E1DC4125B}.Release|x86.Build.0 = Release|Any CPU
		{19AD802F-89BC-4699-AEE1-96C5314ADD6D}.Debug|Any CPU.ActiveCfg = Debug|Any CPU
		{19AD802F-89BC-4699-AEE1-96C5314ADD6D}.Debug|Any CPU.Build.0 = Debug|Any CPU
		{19AD802F-89BC-4699-AEE1-96C5314ADD6D}.Debug|x64.ActiveCfg = Debug|Any CPU
		{19AD802F-89BC-4699-AEE1-96C5314ADD6D}.Debug|x64.Build.0 = Debug|Any CPU
		{19AD802F-89BC-4699-AEE1-96C5314ADD6D}.Debug|x86.ActiveCfg = Debug|Any CPU
		{19AD802F-89BC-4699-AEE1-96C5314ADD6D}.Debug|x86.Build.0 = Debug|Any CPU
		{19AD802F-89BC-4699-AEE1-96C5314ADD6D}.Release|Any CPU.ActiveCfg = Release|Any CPU
		{19AD802F-89BC-4699-AEE1-96C5314ADD6D}.Release|Any CPU.Build.0 = Release|Any CPU
		{19AD802F-89BC-4699-AEE1-96C5314ADD6D}.Release|x64.ActiveCfg = Release|Any CPU
		{19AD802F-89BC-4699-AEE1-96C5314ADD6D}.Release|x64.Build.0 = Release|Any CPU
		{19AD802F-89BC-4699-AEE1-96C5314ADD6D}.Release|x86.ActiveCfg = Release|Any CPU
		{19AD802F-89BC-4699-AEE1-96C5314ADD6D}.Release|x86.Build.0 = Release|Any CPU
		{4DD617D9-3166-4D22-804E-8A9345A6C437}.Debug|Any CPU.ActiveCfg = Debug|Any CPU
		{4DD617D9-3166-4D22-804E-8A9345A6C437}.Debug|Any CPU.Build.0 = Debug|Any CPU
		{4DD617D9-3166-4D22-804E-8A9345A6C437}.Debug|x64.ActiveCfg = Debug|Any CPU
		{4DD617D9-3166-4D22-804E-8A9345A6C437}.Debug|x64.Build.0 = Debug|Any CPU
		{4DD617D9-3166-4D22-804E-8A9345A6C437}.Debug|x86.ActiveCfg = Debug|Any CPU
		{4DD617D9-3166-4D22-804E-8A9345A6C437}.Debug|x86.Build.0 = Debug|Any CPU
		{4DD617D9-3166-4D22-804E-8A9345A6C437}.Release|Any CPU.ActiveCfg = Release|Any CPU
		{4DD617D9-3166-4D22-804E-8A9345A6C437}.Release|Any CPU.Build.0 = Release|Any CPU
		{4DD617D9-3166-4D22-804E-8A9345A6C437}.Release|x64.ActiveCfg = Release|Any CPU
		{4DD617D9-3166-4D22-804E-8A9345A6C437}.Release|x64.Build.0 = Release|Any CPU
		{4DD617D9-3166-4D22-804E-8A9345A6C437}.Release|x86.ActiveCfg = Release|Any CPU
		{4DD617D9-3166-4D22-804E-8A9345A6C437}.Release|x86.Build.0 = Release|Any CPU
		{8E554E7E-C4F9-43E1-BC3E-638EC8078C35}.Debug|Any CPU.ActiveCfg = Debug|Any CPU
		{8E554E7E-C4F9-43E1-BC3E-638EC8078C35}.Debug|Any CPU.Build.0 = Debug|Any CPU
		{8E554E7E-C4F9-43E1-BC3E-638EC8078C35}.Debug|x64.ActiveCfg = Debug|Any CPU
		{8E554E7E-C4F9-43E1-BC3E-638EC8078C35}.Debug|x64.Build.0 = Debug|Any CPU
		{8E554E7E-C4F9-43E1-BC3E-638EC8078C35}.Debug|x86.ActiveCfg = Debug|Any CPU
		{8E554E7E-C4F9-43E1-BC3E-638EC8078C35}.Debug|x86.Build.0 = Debug|Any CPU
		{8E554E7E-C4F9-43E1-BC3E-638EC8078C35}.Release|Any CPU.ActiveCfg = Release|Any CPU
		{8E554E7E-C4F9-43E1-BC3E-638EC8078C35}.Release|Any CPU.Build.0 = Release|Any CPU
		{8E554E7E-C4F9-43E1-BC3E-638EC8078C35}.Release|x64.ActiveCfg = Release|Any CPU
		{8E554E7E-C4F9-43E1-BC3E-638EC8078C35}.Release|x64.Build.0 = Release|Any CPU
		{8E554E7E-C4F9-43E1-BC3E-638EC8078C35}.Release|x86.ActiveCfg = Release|Any CPU
		{8E554E7E-C4F9-43E1-BC3E-638EC8078C35}.Release|x86.Build.0 = Release|Any CPU
		{0932C63C-BF98-464A-8C4F-507E33894330}.Debug|Any CPU.ActiveCfg = Debug|Any CPU
		{0932C63C-BF98-464A-8C4F-507E33894330}.Debug|Any CPU.Build.0 = Debug|Any CPU
		{0932C63C-BF98-464A-8C4F-507E33894330}.Debug|x64.ActiveCfg = Debug|Any CPU
		{0932C63C-BF98-464A-8C4F-507E33894330}.Debug|x64.Build.0 = Debug|Any CPU
		{0932C63C-BF98-464A-8C4F-507E33894330}.Debug|x86.ActiveCfg = Debug|Any CPU
		{0932C63C-BF98-464A-8C4F-507E33894330}.Debug|x86.Build.0 = Debug|Any CPU
		{0932C63C-BF98-464A-8C4F-507E33894330}.Release|Any CPU.ActiveCfg = Release|Any CPU
		{0932C63C-BF98-464A-8C4F-507E33894330}.Release|Any CPU.Build.0 = Release|Any CPU
		{0932C63C-BF98-464A-8C4F-507E33894330}.Release|x64.ActiveCfg = Release|Any CPU
		{0932C63C-BF98-464A-8C4F-507E33894330}.Release|x64.Build.0 = Release|Any CPU
		{0932C63C-BF98-464A-8C4F-507E33894330}.Release|x86.ActiveCfg = Release|Any CPU
		{0932C63C-BF98-464A-8C4F-507E33894330}.Release|x86.Build.0 = Release|Any CPU
		{F8BBF1E0-FCA1-4CDB-BCBB-BF6563E87848}.Debug|Any CPU.ActiveCfg = Debug|Any CPU
		{F8BBF1E0-FCA1-4CDB-BCBB-BF6563E87848}.Debug|Any CPU.Build.0 = Debug|Any CPU
		{F8BBF1E0-FCA1-4CDB-BCBB-BF6563E87848}.Debug|x64.ActiveCfg = Debug|Any CPU
		{F8BBF1E0-FCA1-4CDB-BCBB-BF6563E87848}.Debug|x64.Build.0 = Debug|Any CPU
		{F8BBF1E0-FCA1-4CDB-BCBB-BF6563E87848}.Debug|x86.ActiveCfg = Debug|Any CPU
		{F8BBF1E0-FCA1-4CDB-BCBB-BF6563E87848}.Debug|x86.Build.0 = Debug|Any CPU
		{F8BBF1E0-FCA1-4CDB-BCBB-BF6563E87848}.Release|Any CPU.ActiveCfg = Release|Any CPU
		{F8BBF1E0-FCA1-4CDB-BCBB-BF6563E87848}.Release|Any CPU.Build.0 = Release|Any CPU
		{F8BBF1E0-FCA1-4CDB-BCBB-BF6563E87848}.Release|x64.ActiveCfg = Release|Any CPU
		{F8BBF1E0-FCA1-4CDB-BCBB-BF6563E87848}.Release|x64.Build.0 = Release|Any CPU
		{F8BBF1E0-FCA1-4CDB-BCBB-BF6563E87848}.Release|x86.ActiveCfg = Release|Any CPU
		{F8BBF1E0-FCA1-4CDB-BCBB-BF6563E87848}.Release|x86.Build.0 = Release|Any CPU
		{49531241-2AA2-4B72-9D04-250B6961FA6D}.Debug|Any CPU.ActiveCfg = Debug|Any CPU
		{49531241-2AA2-4B72-9D04-250B6961FA6D}.Debug|Any CPU.Build.0 = Debug|Any CPU
		{49531241-2AA2-4B72-9D04-250B6961FA6D}.Debug|x64.ActiveCfg = Debug|Any CPU
		{49531241-2AA2-4B72-9D04-250B6961FA6D}.Debug|x64.Build.0 = Debug|Any CPU
		{49531241-2AA2-4B72-9D04-250B6961FA6D}.Debug|x86.ActiveCfg = Debug|Any CPU
		{49531241-2AA2-4B72-9D04-250B6961FA6D}.Debug|x86.Build.0 = Debug|Any CPU
		{49531241-2AA2-4B72-9D04-250B6961FA6D}.Release|Any CPU.ActiveCfg = Release|Any CPU
		{49531241-2AA2-4B72-9D04-250B6961FA6D}.Release|Any CPU.Build.0 = Release|Any CPU
		{49531241-2AA2-4B72-9D04-250B6961FA6D}.Release|x64.ActiveCfg = Release|Any CPU
		{49531241-2AA2-4B72-9D04-250B6961FA6D}.Release|x64.Build.0 = Release|Any CPU
		{49531241-2AA2-4B72-9D04-250B6961FA6D}.Release|x86.ActiveCfg = Release|Any CPU
		{49531241-2AA2-4B72-9D04-250B6961FA6D}.Release|x86.Build.0 = Release|Any CPU
		{F565B6F1-F3E9-489E-83F3-EB33242C000E}.Debug|Any CPU.ActiveCfg = Debug|Any CPU
		{F565B6F1-F3E9-489E-83F3-EB33242C000E}.Debug|Any CPU.Build.0 = Debug|Any CPU
		{F565B6F1-F3E9-489E-83F3-EB33242C000E}.Debug|x64.ActiveCfg = Debug|Any CPU
		{F565B6F1-F3E9-489E-83F3-EB33242C000E}.Debug|x64.Build.0 = Debug|Any CPU
		{F565B6F1-F3E9-489E-83F3-EB33242C000E}.Debug|x86.ActiveCfg = Debug|Any CPU
		{F565B6F1-F3E9-489E-83F3-EB33242C000E}.Debug|x86.Build.0 = Debug|Any CPU
		{F565B6F1-F3E9-489E-83F3-EB33242C000E}.Release|Any CPU.ActiveCfg = Release|Any CPU
		{F565B6F1-F3E9-489E-83F3-EB33242C000E}.Release|Any CPU.Build.0 = Release|Any CPU
		{F565B6F1-F3E9-489E-83F3-EB33242C000E}.Release|x64.ActiveCfg = Release|Any CPU
		{F565B6F1-F3E9-489E-83F3-EB33242C000E}.Release|x64.Build.0 = Release|Any CPU
		{F565B6F1-F3E9-489E-83F3-EB33242C000E}.Release|x86.ActiveCfg = Release|Any CPU
		{F565B6F1-F3E9-489E-83F3-EB33242C000E}.Release|x86.Build.0 = Release|Any CPU
		{17BB4886-C93E-487E-ADEE-46D0641683C0}.Debug|Any CPU.ActiveCfg = Debug|Any CPU
		{17BB4886-C93E-487E-ADEE-46D0641683C0}.Debug|Any CPU.Build.0 = Debug|Any CPU
		{17BB4886-C93E-487E-ADEE-46D0641683C0}.Debug|x64.ActiveCfg = Debug|Any CPU
		{17BB4886-C93E-487E-ADEE-46D0641683C0}.Debug|x64.Build.0 = Debug|Any CPU
		{17BB4886-C93E-487E-ADEE-46D0641683C0}.Debug|x86.ActiveCfg = Debug|Any CPU
		{17BB4886-C93E-487E-ADEE-46D0641683C0}.Debug|x86.Build.0 = Debug|Any CPU
		{17BB4886-C93E-487E-ADEE-46D0641683C0}.Release|Any CPU.ActiveCfg = Release|Any CPU
		{17BB4886-C93E-487E-ADEE-46D0641683C0}.Release|Any CPU.Build.0 = Release|Any CPU
		{17BB4886-C93E-487E-ADEE-46D0641683C0}.Release|x64.ActiveCfg = Release|Any CPU
		{17BB4886-C93E-487E-ADEE-46D0641683C0}.Release|x64.Build.0 = Release|Any CPU
		{17BB4886-C93E-487E-ADEE-46D0641683C0}.Release|x86.ActiveCfg = Release|Any CPU
		{17BB4886-C93E-487E-ADEE-46D0641683C0}.Release|x86.Build.0 = Release|Any CPU
		{3C19FDAC-6FA4-40D1-990E-A349DF114124}.Debug|Any CPU.ActiveCfg = Debug|Any CPU
		{3C19FDAC-6FA4-40D1-990E-A349DF114124}.Debug|Any CPU.Build.0 = Debug|Any CPU
		{3C19FDAC-6FA4-40D1-990E-A349DF114124}.Debug|x64.ActiveCfg = Debug|Any CPU
		{3C19FDAC-6FA4-40D1-990E-A349DF114124}.Debug|x64.Build.0 = Debug|Any CPU
		{3C19FDAC-6FA4-40D1-990E-A349DF114124}.Debug|x86.ActiveCfg = Debug|Any CPU
		{3C19FDAC-6FA4-40D1-990E-A349DF114124}.Debug|x86.Build.0 = Debug|Any CPU
		{3C19FDAC-6FA4-40D1-990E-A349DF114124}.Release|Any CPU.ActiveCfg = Release|Any CPU
		{3C19FDAC-6FA4-40D1-990E-A349DF114124}.Release|Any CPU.Build.0 = Release|Any CPU
		{3C19FDAC-6FA4-40D1-990E-A349DF114124}.Release|x64.ActiveCfg = Release|Any CPU
		{3C19FDAC-6FA4-40D1-990E-A349DF114124}.Release|x64.Build.0 = Release|Any CPU
		{3C19FDAC-6FA4-40D1-990E-A349DF114124}.Release|x86.ActiveCfg = Release|Any CPU
		{3C19FDAC-6FA4-40D1-990E-A349DF114124}.Release|x86.Build.0 = Release|Any CPU
		{67E563A8-A2DE-4F21-BF8A-CF324DADF13F}.Debug|Any CPU.ActiveCfg = Debug|Any CPU
		{67E563A8-A2DE-4F21-BF8A-CF324DADF13F}.Debug|Any CPU.Build.0 = Debug|Any CPU
		{67E563A8-A2DE-4F21-BF8A-CF324DADF13F}.Debug|x64.ActiveCfg = Debug|Any CPU
		{67E563A8-A2DE-4F21-BF8A-CF324DADF13F}.Debug|x64.Build.0 = Debug|Any CPU
		{67E563A8-A2DE-4F21-BF8A-CF324DADF13F}.Debug|x86.ActiveCfg = Debug|Any CPU
		{67E563A8-A2DE-4F21-BF8A-CF324DADF13F}.Debug|x86.Build.0 = Debug|Any CPU
		{67E563A8-A2DE-4F21-BF8A-CF324DADF13F}.Release|Any CPU.ActiveCfg = Release|Any CPU
		{67E563A8-A2DE-4F21-BF8A-CF324DADF13F}.Release|Any CPU.Build.0 = Release|Any CPU
		{67E563A8-A2DE-4F21-BF8A-CF324DADF13F}.Release|x64.ActiveCfg = Release|Any CPU
		{67E563A8-A2DE-4F21-BF8A-CF324DADF13F}.Release|x64.Build.0 = Release|Any CPU
		{67E563A8-A2DE-4F21-BF8A-CF324DADF13F}.Release|x86.ActiveCfg = Release|Any CPU
		{67E563A8-A2DE-4F21-BF8A-CF324DADF13F}.Release|x86.Build.0 = Release|Any CPU
		{68586092-8500-47A8-BC7B-FB90D62AB94C}.Debug|Any CPU.ActiveCfg = Debug|Any CPU
		{68586092-8500-47A8-BC7B-FB90D62AB94C}.Debug|Any CPU.Build.0 = Debug|Any CPU
		{68586092-8500-47A8-BC7B-FB90D62AB94C}.Debug|x64.ActiveCfg = Debug|Any CPU
		{68586092-8500-47A8-BC7B-FB90D62AB94C}.Debug|x64.Build.0 = Debug|Any CPU
		{68586092-8500-47A8-BC7B-FB90D62AB94C}.Debug|x86.ActiveCfg = Debug|Any CPU
		{68586092-8500-47A8-BC7B-FB90D62AB94C}.Debug|x86.Build.0 = Debug|Any CPU
		{68586092-8500-47A8-BC7B-FB90D62AB94C}.Release|Any CPU.ActiveCfg = Release|Any CPU
		{68586092-8500-47A8-BC7B-FB90D62AB94C}.Release|Any CPU.Build.0 = Release|Any CPU
		{68586092-8500-47A8-BC7B-FB90D62AB94C}.Release|x64.ActiveCfg = Release|Any CPU
		{68586092-8500-47A8-BC7B-FB90D62AB94C}.Release|x64.Build.0 = Release|Any CPU
		{68586092-8500-47A8-BC7B-FB90D62AB94C}.Release|x86.ActiveCfg = Release|Any CPU
		{68586092-8500-47A8-BC7B-FB90D62AB94C}.Release|x86.Build.0 = Release|Any CPU
		{ADE8E595-B4E1-406B-BB5A-DBD59AB18A29}.Debug|Any CPU.ActiveCfg = Debug|Any CPU
		{ADE8E595-B4E1-406B-BB5A-DBD59AB18A29}.Debug|Any CPU.Build.0 = Debug|Any CPU
		{ADE8E595-B4E1-406B-BB5A-DBD59AB18A29}.Debug|x64.ActiveCfg = Debug|Any CPU
		{ADE8E595-B4E1-406B-BB5A-DBD59AB18A29}.Debug|x64.Build.0 = Debug|Any CPU
		{ADE8E595-B4E1-406B-BB5A-DBD59AB18A29}.Debug|x86.ActiveCfg = Debug|Any CPU
		{ADE8E595-B4E1-406B-BB5A-DBD59AB18A29}.Debug|x86.Build.0 = Debug|Any CPU
		{ADE8E595-B4E1-406B-BB5A-DBD59AB18A29}.Release|Any CPU.ActiveCfg = Release|Any CPU
		{ADE8E595-B4E1-406B-BB5A-DBD59AB18A29}.Release|Any CPU.Build.0 = Release|Any CPU
		{ADE8E595-B4E1-406B-BB5A-DBD59AB18A29}.Release|x64.ActiveCfg = Release|Any CPU
		{ADE8E595-B4E1-406B-BB5A-DBD59AB18A29}.Release|x64.Build.0 = Release|Any CPU
		{ADE8E595-B4E1-406B-BB5A-DBD59AB18A29}.Release|x86.ActiveCfg = Release|Any CPU
		{ADE8E595-B4E1-406B-BB5A-DBD59AB18A29}.Release|x86.Build.0 = Release|Any CPU
		{F32D9E48-D73C-448E-8F59-6F6AD168C5FB}.Debug|Any CPU.ActiveCfg = Debug|Any CPU
		{F32D9E48-D73C-448E-8F59-6F6AD168C5FB}.Debug|Any CPU.Build.0 = Debug|Any CPU
		{F32D9E48-D73C-448E-8F59-6F6AD168C5FB}.Debug|x64.ActiveCfg = Debug|Any CPU
		{F32D9E48-D73C-448E-8F59-6F6AD168C5FB}.Debug|x64.Build.0 = Debug|Any CPU
		{F32D9E48-D73C-448E-8F59-6F6AD168C5FB}.Debug|x86.ActiveCfg = Debug|Any CPU
		{F32D9E48-D73C-448E-8F59-6F6AD168C5FB}.Debug|x86.Build.0 = Debug|Any CPU
		{F32D9E48-D73C-448E-8F59-6F6AD168C5FB}.Release|Any CPU.ActiveCfg = Release|Any CPU
		{F32D9E48-D73C-448E-8F59-6F6AD168C5FB}.Release|Any CPU.Build.0 = Release|Any CPU
		{F32D9E48-D73C-448E-8F59-6F6AD168C5FB}.Release|x64.ActiveCfg = Release|Any CPU
		{F32D9E48-D73C-448E-8F59-6F6AD168C5FB}.Release|x64.Build.0 = Release|Any CPU
		{F32D9E48-D73C-448E-8F59-6F6AD168C5FB}.Release|x86.ActiveCfg = Release|Any CPU
		{F32D9E48-D73C-448E-8F59-6F6AD168C5FB}.Release|x86.Build.0 = Release|Any CPU
		{DCC165BF-9AE0-479A-9667-E13C08FBB073}.Debug|Any CPU.ActiveCfg = Debug|Any CPU
		{DCC165BF-9AE0-479A-9667-E13C08FBB073}.Debug|Any CPU.Build.0 = Debug|Any CPU
		{DCC165BF-9AE0-479A-9667-E13C08FBB073}.Debug|x64.ActiveCfg = Debug|Any CPU
		{DCC165BF-9AE0-479A-9667-E13C08FBB073}.Debug|x64.Build.0 = Debug|Any CPU
		{DCC165BF-9AE0-479A-9667-E13C08FBB073}.Debug|x86.ActiveCfg = Debug|Any CPU
		{DCC165BF-9AE0-479A-9667-E13C08FBB073}.Debug|x86.Build.0 = Debug|Any CPU
		{DCC165BF-9AE0-479A-9667-E13C08FBB073}.Release|Any CPU.ActiveCfg = Release|Any CPU
		{DCC165BF-9AE0-479A-9667-E13C08FBB073}.Release|Any CPU.Build.0 = Release|Any CPU
		{DCC165BF-9AE0-479A-9667-E13C08FBB073}.Release|x64.ActiveCfg = Release|Any CPU
		{DCC165BF-9AE0-479A-9667-E13C08FBB073}.Release|x64.Build.0 = Release|Any CPU
		{DCC165BF-9AE0-479A-9667-E13C08FBB073}.Release|x86.ActiveCfg = Release|Any CPU
		{DCC165BF-9AE0-479A-9667-E13C08FBB073}.Release|x86.Build.0 = Release|Any CPU
		{6C7EA892-AA5A-4A09-8EF8-3B0280C54943}.Debug|Any CPU.ActiveCfg = Debug|Any CPU
		{6C7EA892-AA5A-4A09-8EF8-3B0280C54943}.Debug|Any CPU.Build.0 = Debug|Any CPU
		{6C7EA892-AA5A-4A09-8EF8-3B0280C54943}.Debug|x64.ActiveCfg = Debug|Any CPU
		{6C7EA892-AA5A-4A09-8EF8-3B0280C54943}.Debug|x64.Build.0 = Debug|Any CPU
		{6C7EA892-AA5A-4A09-8EF8-3B0280C54943}.Debug|x86.ActiveCfg = Debug|Any CPU
		{6C7EA892-AA5A-4A09-8EF8-3B0280C54943}.Debug|x86.Build.0 = Debug|Any CPU
		{6C7EA892-AA5A-4A09-8EF8-3B0280C54943}.Release|Any CPU.ActiveCfg = Release|Any CPU
		{6C7EA892-AA5A-4A09-8EF8-3B0280C54943}.Release|Any CPU.Build.0 = Release|Any CPU
		{6C7EA892-AA5A-4A09-8EF8-3B0280C54943}.Release|x64.ActiveCfg = Release|Any CPU
		{6C7EA892-AA5A-4A09-8EF8-3B0280C54943}.Release|x64.Build.0 = Release|Any CPU
		{6C7EA892-AA5A-4A09-8EF8-3B0280C54943}.Release|x86.ActiveCfg = Release|Any CPU
		{6C7EA892-AA5A-4A09-8EF8-3B0280C54943}.Release|x86.Build.0 = Release|Any CPU
		{2E851E13-F33F-4309-B98A-C088CDD9786A}.Debug|Any CPU.ActiveCfg = Debug|Any CPU
		{2E851E13-F33F-4309-B98A-C088CDD9786A}.Debug|Any CPU.Build.0 = Debug|Any CPU
		{2E851E13-F33F-4309-B98A-C088CDD9786A}.Debug|x64.ActiveCfg = Debug|Any CPU
		{2E851E13-F33F-4309-B98A-C088CDD9786A}.Debug|x64.Build.0 = Debug|Any CPU
		{2E851E13-F33F-4309-B98A-C088CDD9786A}.Debug|x86.ActiveCfg = Debug|Any CPU
		{2E851E13-F33F-4309-B98A-C088CDD9786A}.Debug|x86.Build.0 = Debug|Any CPU
		{2E851E13-F33F-4309-B98A-C088CDD9786A}.Release|Any CPU.ActiveCfg = Release|Any CPU
		{2E851E13-F33F-4309-B98A-C088CDD9786A}.Release|Any CPU.Build.0 = Release|Any CPU
		{2E851E13-F33F-4309-B98A-C088CDD9786A}.Release|x64.ActiveCfg = Release|Any CPU
		{2E851E13-F33F-4309-B98A-C088CDD9786A}.Release|x64.Build.0 = Release|Any CPU
		{2E851E13-F33F-4309-B98A-C088CDD9786A}.Release|x86.ActiveCfg = Release|Any CPU
		{2E851E13-F33F-4309-B98A-C088CDD9786A}.Release|x86.Build.0 = Release|Any CPU
		{D9ECBE13-4B00-409E-B60B-B2EE2E3B304E}.Debug|Any CPU.ActiveCfg = Debug|Any CPU
		{D9ECBE13-4B00-409E-B60B-B2EE2E3B304E}.Debug|Any CPU.Build.0 = Debug|Any CPU
		{D9ECBE13-4B00-409E-B60B-B2EE2E3B304E}.Debug|x64.ActiveCfg = Debug|Any CPU
		{D9ECBE13-4B00-409E-B60B-B2EE2E3B304E}.Debug|x64.Build.0 = Debug|Any CPU
		{D9ECBE13-4B00-409E-B60B-B2EE2E3B304E}.Debug|x86.ActiveCfg = Debug|Any CPU
		{D9ECBE13-4B00-409E-B60B-B2EE2E3B304E}.Debug|x86.Build.0 = Debug|Any CPU
		{D9ECBE13-4B00-409E-B60B-B2EE2E3B304E}.Release|Any CPU.ActiveCfg = Release|Any CPU
		{D9ECBE13-4B00-409E-B60B-B2EE2E3B304E}.Release|Any CPU.Build.0 = Release|Any CPU
		{D9ECBE13-4B00-409E-B60B-B2EE2E3B304E}.Release|x64.ActiveCfg = Release|Any CPU
		{D9ECBE13-4B00-409E-B60B-B2EE2E3B304E}.Release|x64.Build.0 = Release|Any CPU
		{D9ECBE13-4B00-409E-B60B-B2EE2E3B304E}.Release|x86.ActiveCfg = Release|Any CPU
		{D9ECBE13-4B00-409E-B60B-B2EE2E3B304E}.Release|x86.Build.0 = Release|Any CPU
		{B258C15B-7976-410D-A887-6DE6A23703CD}.Debug|Any CPU.ActiveCfg = Debug|Any CPU
		{B258C15B-7976-410D-A887-6DE6A23703CD}.Debug|Any CPU.Build.0 = Debug|Any CPU
		{B258C15B-7976-410D-A887-6DE6A23703CD}.Debug|x64.ActiveCfg = Debug|Any CPU
		{B258C15B-7976-410D-A887-6DE6A23703CD}.Debug|x64.Build.0 = Debug|Any CPU
		{B258C15B-7976-410D-A887-6DE6A23703CD}.Debug|x86.ActiveCfg = Debug|Any CPU
		{B258C15B-7976-410D-A887-6DE6A23703CD}.Debug|x86.Build.0 = Debug|Any CPU
		{B258C15B-7976-410D-A887-6DE6A23703CD}.Release|Any CPU.ActiveCfg = Release|Any CPU
		{B258C15B-7976-410D-A887-6DE6A23703CD}.Release|Any CPU.Build.0 = Release|Any CPU
		{B258C15B-7976-410D-A887-6DE6A23703CD}.Release|x64.ActiveCfg = Release|Any CPU
		{B258C15B-7976-410D-A887-6DE6A23703CD}.Release|x64.Build.0 = Release|Any CPU
		{B258C15B-7976-410D-A887-6DE6A23703CD}.Release|x86.ActiveCfg = Release|Any CPU
		{B258C15B-7976-410D-A887-6DE6A23703CD}.Release|x86.Build.0 = Release|Any CPU
		{36E8CA88-A065-4668-A246-1CFD73072164}.Debug|Any CPU.ActiveCfg = Debug|Any CPU
		{36E8CA88-A065-4668-A246-1CFD73072164}.Debug|Any CPU.Build.0 = Debug|Any CPU
		{36E8CA88-A065-4668-A246-1CFD73072164}.Debug|x64.ActiveCfg = Debug|Any CPU
		{36E8CA88-A065-4668-A246-1CFD73072164}.Debug|x64.Build.0 = Debug|Any CPU
		{36E8CA88-A065-4668-A246-1CFD73072164}.Debug|x86.ActiveCfg = Debug|Any CPU
		{36E8CA88-A065-4668-A246-1CFD73072164}.Debug|x86.Build.0 = Debug|Any CPU
		{36E8CA88-A065-4668-A246-1CFD73072164}.Release|Any CPU.ActiveCfg = Release|Any CPU
		{36E8CA88-A065-4668-A246-1CFD73072164}.Release|Any CPU.Build.0 = Release|Any CPU
		{36E8CA88-A065-4668-A246-1CFD73072164}.Release|x64.ActiveCfg = Release|Any CPU
		{36E8CA88-A065-4668-A246-1CFD73072164}.Release|x64.Build.0 = Release|Any CPU
		{36E8CA88-A065-4668-A246-1CFD73072164}.Release|x86.ActiveCfg = Release|Any CPU
		{36E8CA88-A065-4668-A246-1CFD73072164}.Release|x86.Build.0 = Release|Any CPU
		{75B01DA7-5BF1-45A8-B554-78B83DCC09F6}.Debug|Any CPU.ActiveCfg = Debug|Any CPU
		{75B01DA7-5BF1-45A8-B554-78B83DCC09F6}.Debug|Any CPU.Build.0 = Debug|Any CPU
		{75B01DA7-5BF1-45A8-B554-78B83DCC09F6}.Debug|x64.ActiveCfg = Debug|Any CPU
		{75B01DA7-5BF1-45A8-B554-78B83DCC09F6}.Debug|x64.Build.0 = Debug|Any CPU
		{75B01DA7-5BF1-45A8-B554-78B83DCC09F6}.Debug|x86.ActiveCfg = Debug|Any CPU
		{75B01DA7-5BF1-45A8-B554-78B83DCC09F6}.Debug|x86.Build.0 = Debug|Any CPU
		{75B01DA7-5BF1-45A8-B554-78B83DCC09F6}.Release|Any CPU.ActiveCfg = Release|Any CPU
		{75B01DA7-5BF1-45A8-B554-78B83DCC09F6}.Release|Any CPU.Build.0 = Release|Any CPU
		{75B01DA7-5BF1-45A8-B554-78B83DCC09F6}.Release|x64.ActiveCfg = Release|Any CPU
		{75B01DA7-5BF1-45A8-B554-78B83DCC09F6}.Release|x64.Build.0 = Release|Any CPU
		{75B01DA7-5BF1-45A8-B554-78B83DCC09F6}.Release|x86.ActiveCfg = Release|Any CPU
		{75B01DA7-5BF1-45A8-B554-78B83DCC09F6}.Release|x86.Build.0 = Release|Any CPU
		{AA49E4A0-82FA-41BC-8721-A4F5CE401B0F}.Debug|Any CPU.ActiveCfg = Debug|Any CPU
		{AA49E4A0-82FA-41BC-8721-A4F5CE401B0F}.Debug|Any CPU.Build.0 = Debug|Any CPU
		{AA49E4A0-82FA-41BC-8721-A4F5CE401B0F}.Debug|x64.ActiveCfg = Debug|Any CPU
		{AA49E4A0-82FA-41BC-8721-A4F5CE401B0F}.Debug|x64.Build.0 = Debug|Any CPU
		{AA49E4A0-82FA-41BC-8721-A4F5CE401B0F}.Debug|x86.ActiveCfg = Debug|Any CPU
		{AA49E4A0-82FA-41BC-8721-A4F5CE401B0F}.Debug|x86.Build.0 = Debug|Any CPU
		{AA49E4A0-82FA-41BC-8721-A4F5CE401B0F}.Release|Any CPU.ActiveCfg = Release|Any CPU
		{AA49E4A0-82FA-41BC-8721-A4F5CE401B0F}.Release|Any CPU.Build.0 = Release|Any CPU
		{AA49E4A0-82FA-41BC-8721-A4F5CE401B0F}.Release|x64.ActiveCfg = Release|Any CPU
		{AA49E4A0-82FA-41BC-8721-A4F5CE401B0F}.Release|x64.Build.0 = Release|Any CPU
		{AA49E4A0-82FA-41BC-8721-A4F5CE401B0F}.Release|x86.ActiveCfg = Release|Any CPU
		{AA49E4A0-82FA-41BC-8721-A4F5CE401B0F}.Release|x86.Build.0 = Release|Any CPU
		{A5E70E53-9CD8-4C05-B284-D47218070D9C}.Debug|Any CPU.ActiveCfg = Debug|Any CPU
		{A5E70E53-9CD8-4C05-B284-D47218070D9C}.Debug|Any CPU.Build.0 = Debug|Any CPU
		{A5E70E53-9CD8-4C05-B284-D47218070D9C}.Debug|x64.ActiveCfg = Debug|Any CPU
		{A5E70E53-9CD8-4C05-B284-D47218070D9C}.Debug|x64.Build.0 = Debug|Any CPU
		{A5E70E53-9CD8-4C05-B284-D47218070D9C}.Debug|x86.ActiveCfg = Debug|Any CPU
		{A5E70E53-9CD8-4C05-B284-D47218070D9C}.Debug|x86.Build.0 = Debug|Any CPU
		{A5E70E53-9CD8-4C05-B284-D47218070D9C}.Release|Any CPU.ActiveCfg = Release|Any CPU
		{A5E70E53-9CD8-4C05-B284-D47218070D9C}.Release|Any CPU.Build.0 = Release|Any CPU
		{A5E70E53-9CD8-4C05-B284-D47218070D9C}.Release|x64.ActiveCfg = Release|Any CPU
		{A5E70E53-9CD8-4C05-B284-D47218070D9C}.Release|x64.Build.0 = Release|Any CPU
		{A5E70E53-9CD8-4C05-B284-D47218070D9C}.Release|x86.ActiveCfg = Release|Any CPU
		{A5E70E53-9CD8-4C05-B284-D47218070D9C}.Release|x86.Build.0 = Release|Any CPU
		{EDB622E7-69E3-4280-9434-09C487FCB094}.Debug|Any CPU.ActiveCfg = Debug|Any CPU
		{EDB622E7-69E3-4280-9434-09C487FCB094}.Debug|Any CPU.Build.0 = Debug|Any CPU
		{EDB622E7-69E3-4280-9434-09C487FCB094}.Debug|x64.ActiveCfg = Debug|Any CPU
		{EDB622E7-69E3-4280-9434-09C487FCB094}.Debug|x64.Build.0 = Debug|Any CPU
		{EDB622E7-69E3-4280-9434-09C487FCB094}.Debug|x86.ActiveCfg = Debug|Any CPU
		{EDB622E7-69E3-4280-9434-09C487FCB094}.Debug|x86.Build.0 = Debug|Any CPU
		{EDB622E7-69E3-4280-9434-09C487FCB094}.Release|Any CPU.ActiveCfg = Release|Any CPU
		{EDB622E7-69E3-4280-9434-09C487FCB094}.Release|Any CPU.Build.0 = Release|Any CPU
		{EDB622E7-69E3-4280-9434-09C487FCB094}.Release|x64.ActiveCfg = Release|Any CPU
		{EDB622E7-69E3-4280-9434-09C487FCB094}.Release|x64.Build.0 = Release|Any CPU
		{EDB622E7-69E3-4280-9434-09C487FCB094}.Release|x86.ActiveCfg = Release|Any CPU
		{EDB622E7-69E3-4280-9434-09C487FCB094}.Release|x86.Build.0 = Release|Any CPU
		{3D39B07C-FC3E-4DA2-A685-15A9EE701001}.Debug|Any CPU.ActiveCfg = Debug|Any CPU
		{3D39B07C-FC3E-4DA2-A685-15A9EE701001}.Debug|Any CPU.Build.0 = Debug|Any CPU
		{3D39B07C-FC3E-4DA2-A685-15A9EE701001}.Debug|x64.ActiveCfg = Debug|Any CPU
		{3D39B07C-FC3E-4DA2-A685-15A9EE701001}.Debug|x64.Build.0 = Debug|Any CPU
		{3D39B07C-FC3E-4DA2-A685-15A9EE701001}.Debug|x86.ActiveCfg = Debug|Any CPU
		{3D39B07C-FC3E-4DA2-A685-15A9EE701001}.Debug|x86.Build.0 = Debug|Any CPU
		{3D39B07C-FC3E-4DA2-A685-15A9EE701001}.Release|Any CPU.ActiveCfg = Release|Any CPU
		{3D39B07C-FC3E-4DA2-A685-15A9EE701001}.Release|Any CPU.Build.0 = Release|Any CPU
		{3D39B07C-FC3E-4DA2-A685-15A9EE701001}.Release|x64.ActiveCfg = Release|Any CPU
		{3D39B07C-FC3E-4DA2-A685-15A9EE701001}.Release|x64.Build.0 = Release|Any CPU
		{3D39B07C-FC3E-4DA2-A685-15A9EE701001}.Release|x86.ActiveCfg = Release|Any CPU
		{3D39B07C-FC3E-4DA2-A685-15A9EE701001}.Release|x86.Build.0 = Release|Any CPU
		{8FF9821F-1632-49B1-B398-7B494522EECB}.Debug|Any CPU.ActiveCfg = Debug|Any CPU
		{8FF9821F-1632-49B1-B398-7B494522EECB}.Debug|Any CPU.Build.0 = Debug|Any CPU
		{8FF9821F-1632-49B1-B398-7B494522EECB}.Debug|x64.ActiveCfg = Debug|Any CPU
		{8FF9821F-1632-49B1-B398-7B494522EECB}.Debug|x64.Build.0 = Debug|Any CPU
		{8FF9821F-1632-49B1-B398-7B494522EECB}.Debug|x86.ActiveCfg = Debug|Any CPU
		{8FF9821F-1632-49B1-B398-7B494522EECB}.Debug|x86.Build.0 = Debug|Any CPU
		{8FF9821F-1632-49B1-B398-7B494522EECB}.Release|Any CPU.ActiveCfg = Release|Any CPU
		{8FF9821F-1632-49B1-B398-7B494522EECB}.Release|Any CPU.Build.0 = Release|Any CPU
		{8FF9821F-1632-49B1-B398-7B494522EECB}.Release|x64.ActiveCfg = Release|Any CPU
		{8FF9821F-1632-49B1-B398-7B494522EECB}.Release|x64.Build.0 = Release|Any CPU
		{8FF9821F-1632-49B1-B398-7B494522EECB}.Release|x86.ActiveCfg = Release|Any CPU
		{8FF9821F-1632-49B1-B398-7B494522EECB}.Release|x86.Build.0 = Release|Any CPU
		{BC9F54F1-CD99-40E6-992E-B5D6BF54C4CA}.Debug|Any CPU.ActiveCfg = Debug|Any CPU
		{BC9F54F1-CD99-40E6-992E-B5D6BF54C4CA}.Debug|Any CPU.Build.0 = Debug|Any CPU
		{BC9F54F1-CD99-40E6-992E-B5D6BF54C4CA}.Debug|x64.ActiveCfg = Debug|Any CPU
		{BC9F54F1-CD99-40E6-992E-B5D6BF54C4CA}.Debug|x64.Build.0 = Debug|Any CPU
		{BC9F54F1-CD99-40E6-992E-B5D6BF54C4CA}.Debug|x86.ActiveCfg = Debug|Any CPU
		{BC9F54F1-CD99-40E6-992E-B5D6BF54C4CA}.Debug|x86.Build.0 = Debug|Any CPU
		{BC9F54F1-CD99-40E6-992E-B5D6BF54C4CA}.Release|Any CPU.ActiveCfg = Release|Any CPU
		{BC9F54F1-CD99-40E6-992E-B5D6BF54C4CA}.Release|Any CPU.Build.0 = Release|Any CPU
		{BC9F54F1-CD99-40E6-992E-B5D6BF54C4CA}.Release|x64.ActiveCfg = Release|Any CPU
		{BC9F54F1-CD99-40E6-992E-B5D6BF54C4CA}.Release|x64.Build.0 = Release|Any CPU
		{BC9F54F1-CD99-40E6-992E-B5D6BF54C4CA}.Release|x86.ActiveCfg = Release|Any CPU
		{BC9F54F1-CD99-40E6-992E-B5D6BF54C4CA}.Release|x86.Build.0 = Release|Any CPU
		{5B8D4E8E-690E-4173-B385-3375EE8FF6CF}.Debug|Any CPU.ActiveCfg = Debug|Any CPU
		{5B8D4E8E-690E-4173-B385-3375EE8FF6CF}.Debug|Any CPU.Build.0 = Debug|Any CPU
		{5B8D4E8E-690E-4173-B385-3375EE8FF6CF}.Debug|x64.ActiveCfg = Debug|Any CPU
		{5B8D4E8E-690E-4173-B385-3375EE8FF6CF}.Debug|x64.Build.0 = Debug|Any CPU
		{5B8D4E8E-690E-4173-B385-3375EE8FF6CF}.Debug|x86.ActiveCfg = Debug|Any CPU
		{5B8D4E8E-690E-4173-B385-3375EE8FF6CF}.Debug|x86.Build.0 = Debug|Any CPU
		{5B8D4E8E-690E-4173-B385-3375EE8FF6CF}.Release|Any CPU.ActiveCfg = Release|Any CPU
		{5B8D4E8E-690E-4173-B385-3375EE8FF6CF}.Release|Any CPU.Build.0 = Release|Any CPU
		{5B8D4E8E-690E-4173-B385-3375EE8FF6CF}.Release|x64.ActiveCfg = Release|Any CPU
		{5B8D4E8E-690E-4173-B385-3375EE8FF6CF}.Release|x64.Build.0 = Release|Any CPU
		{5B8D4E8E-690E-4173-B385-3375EE8FF6CF}.Release|x86.ActiveCfg = Release|Any CPU
		{5B8D4E8E-690E-4173-B385-3375EE8FF6CF}.Release|x86.Build.0 = Release|Any CPU
		{1547C4B8-1091-407A-8CB9-EBE7C6CE7F0C}.Debug|Any CPU.ActiveCfg = Debug|Any CPU
		{1547C4B8-1091-407A-8CB9-EBE7C6CE7F0C}.Debug|Any CPU.Build.0 = Debug|Any CPU
		{1547C4B8-1091-407A-8CB9-EBE7C6CE7F0C}.Debug|x64.ActiveCfg = Debug|Any CPU
		{1547C4B8-1091-407A-8CB9-EBE7C6CE7F0C}.Debug|x64.Build.0 = Debug|Any CPU
		{1547C4B8-1091-407A-8CB9-EBE7C6CE7F0C}.Debug|x86.ActiveCfg = Debug|Any CPU
		{1547C4B8-1091-407A-8CB9-EBE7C6CE7F0C}.Debug|x86.Build.0 = Debug|Any CPU
		{1547C4B8-1091-407A-8CB9-EBE7C6CE7F0C}.Release|Any CPU.ActiveCfg = Release|Any CPU
		{1547C4B8-1091-407A-8CB9-EBE7C6CE7F0C}.Release|Any CPU.Build.0 = Release|Any CPU
		{1547C4B8-1091-407A-8CB9-EBE7C6CE7F0C}.Release|x64.ActiveCfg = Release|Any CPU
		{1547C4B8-1091-407A-8CB9-EBE7C6CE7F0C}.Release|x64.Build.0 = Release|Any CPU
		{1547C4B8-1091-407A-8CB9-EBE7C6CE7F0C}.Release|x86.ActiveCfg = Release|Any CPU
		{1547C4B8-1091-407A-8CB9-EBE7C6CE7F0C}.Release|x86.Build.0 = Release|Any CPU
		{C519AAED-1C33-4753-A69D-E78AE1BC0A22}.Debug|Any CPU.ActiveCfg = Debug|Any CPU
		{C519AAED-1C33-4753-A69D-E78AE1BC0A22}.Debug|Any CPU.Build.0 = Debug|Any CPU
		{C519AAED-1C33-4753-A69D-E78AE1BC0A22}.Debug|x64.ActiveCfg = Debug|Any CPU
		{C519AAED-1C33-4753-A69D-E78AE1BC0A22}.Debug|x64.Build.0 = Debug|Any CPU
		{C519AAED-1C33-4753-A69D-E78AE1BC0A22}.Debug|x86.ActiveCfg = Debug|Any CPU
		{C519AAED-1C33-4753-A69D-E78AE1BC0A22}.Debug|x86.Build.0 = Debug|Any CPU
		{C519AAED-1C33-4753-A69D-E78AE1BC0A22}.Release|Any CPU.ActiveCfg = Release|Any CPU
		{C519AAED-1C33-4753-A69D-E78AE1BC0A22}.Release|Any CPU.Build.0 = Release|Any CPU
		{C519AAED-1C33-4753-A69D-E78AE1BC0A22}.Release|x64.ActiveCfg = Release|Any CPU
		{C519AAED-1C33-4753-A69D-E78AE1BC0A22}.Release|x64.Build.0 = Release|Any CPU
		{C519AAED-1C33-4753-A69D-E78AE1BC0A22}.Release|x86.ActiveCfg = Release|Any CPU
		{C519AAED-1C33-4753-A69D-E78AE1BC0A22}.Release|x86.Build.0 = Release|Any CPU
		{31A738E2-EA03-4F73-9C1B-34DFE0C49095}.Debug|Any CPU.ActiveCfg = Debug|Any CPU
		{31A738E2-EA03-4F73-9C1B-34DFE0C49095}.Debug|Any CPU.Build.0 = Debug|Any CPU
		{31A738E2-EA03-4F73-9C1B-34DFE0C49095}.Debug|x64.ActiveCfg = Debug|Any CPU
		{31A738E2-EA03-4F73-9C1B-34DFE0C49095}.Debug|x64.Build.0 = Debug|Any CPU
		{31A738E2-EA03-4F73-9C1B-34DFE0C49095}.Debug|x86.ActiveCfg = Debug|Any CPU
		{31A738E2-EA03-4F73-9C1B-34DFE0C49095}.Debug|x86.Build.0 = Debug|Any CPU
		{31A738E2-EA03-4F73-9C1B-34DFE0C49095}.Release|Any CPU.ActiveCfg = Release|Any CPU
		{31A738E2-EA03-4F73-9C1B-34DFE0C49095}.Release|Any CPU.Build.0 = Release|Any CPU
		{31A738E2-EA03-4F73-9C1B-34DFE0C49095}.Release|x64.ActiveCfg = Release|Any CPU
		{31A738E2-EA03-4F73-9C1B-34DFE0C49095}.Release|x64.Build.0 = Release|Any CPU
		{31A738E2-EA03-4F73-9C1B-34DFE0C49095}.Release|x86.ActiveCfg = Release|Any CPU
		{31A738E2-EA03-4F73-9C1B-34DFE0C49095}.Release|x86.Build.0 = Release|Any CPU
		{486659A6-BD63-4D88-B38A-AB94855B1521}.Debug|Any CPU.ActiveCfg = Debug|Any CPU
		{486659A6-BD63-4D88-B38A-AB94855B1521}.Debug|Any CPU.Build.0 = Debug|Any CPU
		{486659A6-BD63-4D88-B38A-AB94855B1521}.Debug|x64.ActiveCfg = Debug|Any CPU
		{486659A6-BD63-4D88-B38A-AB94855B1521}.Debug|x64.Build.0 = Debug|Any CPU
		{486659A6-BD63-4D88-B38A-AB94855B1521}.Debug|x86.ActiveCfg = Debug|Any CPU
		{486659A6-BD63-4D88-B38A-AB94855B1521}.Debug|x86.Build.0 = Debug|Any CPU
		{486659A6-BD63-4D88-B38A-AB94855B1521}.Release|Any CPU.ActiveCfg = Release|Any CPU
		{486659A6-BD63-4D88-B38A-AB94855B1521}.Release|Any CPU.Build.0 = Release|Any CPU
		{486659A6-BD63-4D88-B38A-AB94855B1521}.Release|x64.ActiveCfg = Release|Any CPU
		{486659A6-BD63-4D88-B38A-AB94855B1521}.Release|x64.Build.0 = Release|Any CPU
		{486659A6-BD63-4D88-B38A-AB94855B1521}.Release|x86.ActiveCfg = Release|Any CPU
		{486659A6-BD63-4D88-B38A-AB94855B1521}.Release|x86.Build.0 = Release|Any CPU
		{7296804D-EC38-4922-9214-A898F189E2F5}.Debug|Any CPU.ActiveCfg = Debug|Any CPU
		{7296804D-EC38-4922-9214-A898F189E2F5}.Debug|Any CPU.Build.0 = Debug|Any CPU
		{7296804D-EC38-4922-9214-A898F189E2F5}.Debug|x64.ActiveCfg = Debug|Any CPU
		{7296804D-EC38-4922-9214-A898F189E2F5}.Debug|x64.Build.0 = Debug|Any CPU
		{7296804D-EC38-4922-9214-A898F189E2F5}.Debug|x86.ActiveCfg = Debug|Any CPU
		{7296804D-EC38-4922-9214-A898F189E2F5}.Debug|x86.Build.0 = Debug|Any CPU
		{7296804D-EC38-4922-9214-A898F189E2F5}.Release|Any CPU.ActiveCfg = Release|Any CPU
		{7296804D-EC38-4922-9214-A898F189E2F5}.Release|Any CPU.Build.0 = Release|Any CPU
		{7296804D-EC38-4922-9214-A898F189E2F5}.Release|x64.ActiveCfg = Release|Any CPU
		{7296804D-EC38-4922-9214-A898F189E2F5}.Release|x64.Build.0 = Release|Any CPU
		{7296804D-EC38-4922-9214-A898F189E2F5}.Release|x86.ActiveCfg = Release|Any CPU
		{7296804D-EC38-4922-9214-A898F189E2F5}.Release|x86.Build.0 = Release|Any CPU
		{B95936FB-D355-4401-A594-C03C853E2408}.Debug|Any CPU.ActiveCfg = Debug|Any CPU
		{B95936FB-D355-4401-A594-C03C853E2408}.Debug|Any CPU.Build.0 = Debug|Any CPU
		{B95936FB-D355-4401-A594-C03C853E2408}.Debug|x64.ActiveCfg = Debug|Any CPU
		{B95936FB-D355-4401-A594-C03C853E2408}.Debug|x64.Build.0 = Debug|Any CPU
		{B95936FB-D355-4401-A594-C03C853E2408}.Debug|x86.ActiveCfg = Debug|Any CPU
		{B95936FB-D355-4401-A594-C03C853E2408}.Debug|x86.Build.0 = Debug|Any CPU
		{B95936FB-D355-4401-A594-C03C853E2408}.Release|Any CPU.ActiveCfg = Release|Any CPU
		{B95936FB-D355-4401-A594-C03C853E2408}.Release|Any CPU.Build.0 = Release|Any CPU
		{B95936FB-D355-4401-A594-C03C853E2408}.Release|x64.ActiveCfg = Release|Any CPU
		{B95936FB-D355-4401-A594-C03C853E2408}.Release|x64.Build.0 = Release|Any CPU
		{B95936FB-D355-4401-A594-C03C853E2408}.Release|x86.ActiveCfg = Release|Any CPU
		{B95936FB-D355-4401-A594-C03C853E2408}.Release|x86.Build.0 = Release|Any CPU
		{CB1D9C37-905A-4146-8E25-6F73AA77206F}.Debug|Any CPU.ActiveCfg = Debug|Any CPU
		{CB1D9C37-905A-4146-8E25-6F73AA77206F}.Debug|Any CPU.Build.0 = Debug|Any CPU
		{CB1D9C37-905A-4146-8E25-6F73AA77206F}.Debug|x64.ActiveCfg = Debug|Any CPU
		{CB1D9C37-905A-4146-8E25-6F73AA77206F}.Debug|x64.Build.0 = Debug|Any CPU
		{CB1D9C37-905A-4146-8E25-6F73AA77206F}.Debug|x86.ActiveCfg = Debug|Any CPU
		{CB1D9C37-905A-4146-8E25-6F73AA77206F}.Debug|x86.Build.0 = Debug|Any CPU
		{CB1D9C37-905A-4146-8E25-6F73AA77206F}.Release|Any CPU.ActiveCfg = Release|Any CPU
		{CB1D9C37-905A-4146-8E25-6F73AA77206F}.Release|Any CPU.Build.0 = Release|Any CPU
		{CB1D9C37-905A-4146-8E25-6F73AA77206F}.Release|x64.ActiveCfg = Release|Any CPU
		{CB1D9C37-905A-4146-8E25-6F73AA77206F}.Release|x64.Build.0 = Release|Any CPU
		{CB1D9C37-905A-4146-8E25-6F73AA77206F}.Release|x86.ActiveCfg = Release|Any CPU
		{CB1D9C37-905A-4146-8E25-6F73AA77206F}.Release|x86.Build.0 = Release|Any CPU
		{82E1DEEF-38FB-4D55-8E3B-151B47FED5A5}.Debug|Any CPU.ActiveCfg = Debug|Any CPU
		{82E1DEEF-38FB-4D55-8E3B-151B47FED5A5}.Debug|Any CPU.Build.0 = Debug|Any CPU
		{82E1DEEF-38FB-4D55-8E3B-151B47FED5A5}.Debug|x64.ActiveCfg = Debug|Any CPU
		{82E1DEEF-38FB-4D55-8E3B-151B47FED5A5}.Debug|x64.Build.0 = Debug|Any CPU
		{82E1DEEF-38FB-4D55-8E3B-151B47FED5A5}.Debug|x86.ActiveCfg = Debug|Any CPU
		{82E1DEEF-38FB-4D55-8E3B-151B47FED5A5}.Debug|x86.Build.0 = Debug|Any CPU
		{82E1DEEF-38FB-4D55-8E3B-151B47FED5A5}.Release|Any CPU.ActiveCfg = Release|Any CPU
		{82E1DEEF-38FB-4D55-8E3B-151B47FED5A5}.Release|Any CPU.Build.0 = Release|Any CPU
		{82E1DEEF-38FB-4D55-8E3B-151B47FED5A5}.Release|x64.ActiveCfg = Release|Any CPU
		{82E1DEEF-38FB-4D55-8E3B-151B47FED5A5}.Release|x64.Build.0 = Release|Any CPU
		{82E1DEEF-38FB-4D55-8E3B-151B47FED5A5}.Release|x86.ActiveCfg = Release|Any CPU
		{82E1DEEF-38FB-4D55-8E3B-151B47FED5A5}.Release|x86.Build.0 = Release|Any CPU
		{77416FFA-584F-40C1-9C0E-30C41847E2FD}.Debug|Any CPU.ActiveCfg = Debug|Any CPU
		{77416FFA-584F-40C1-9C0E-30C41847E2FD}.Debug|Any CPU.Build.0 = Debug|Any CPU
		{77416FFA-584F-40C1-9C0E-30C41847E2FD}.Debug|x64.ActiveCfg = Debug|Any CPU
		{77416FFA-584F-40C1-9C0E-30C41847E2FD}.Debug|x64.Build.0 = Debug|Any CPU
		{77416FFA-584F-40C1-9C0E-30C41847E2FD}.Debug|x86.ActiveCfg = Debug|Any CPU
		{77416FFA-584F-40C1-9C0E-30C41847E2FD}.Debug|x86.Build.0 = Debug|Any CPU
		{77416FFA-584F-40C1-9C0E-30C41847E2FD}.Release|Any CPU.ActiveCfg = Release|Any CPU
		{77416FFA-584F-40C1-9C0E-30C41847E2FD}.Release|Any CPU.Build.0 = Release|Any CPU
		{77416FFA-584F-40C1-9C0E-30C41847E2FD}.Release|x64.ActiveCfg = Release|Any CPU
		{77416FFA-584F-40C1-9C0E-30C41847E2FD}.Release|x64.Build.0 = Release|Any CPU
		{77416FFA-584F-40C1-9C0E-30C41847E2FD}.Release|x86.ActiveCfg = Release|Any CPU
		{77416FFA-584F-40C1-9C0E-30C41847E2FD}.Release|x86.Build.0 = Release|Any CPU
		{C8FE228D-E15B-4034-ACD6-ABEA3D510DB7}.Debug|Any CPU.ActiveCfg = Debug|Any CPU
		{C8FE228D-E15B-4034-ACD6-ABEA3D510DB7}.Debug|Any CPU.Build.0 = Debug|Any CPU
		{C8FE228D-E15B-4034-ACD6-ABEA3D510DB7}.Debug|x64.ActiveCfg = Debug|Any CPU
		{C8FE228D-E15B-4034-ACD6-ABEA3D510DB7}.Debug|x64.Build.0 = Debug|Any CPU
		{C8FE228D-E15B-4034-ACD6-ABEA3D510DB7}.Debug|x86.ActiveCfg = Debug|Any CPU
		{C8FE228D-E15B-4034-ACD6-ABEA3D510DB7}.Debug|x86.Build.0 = Debug|Any CPU
		{C8FE228D-E15B-4034-ACD6-ABEA3D510DB7}.Release|Any CPU.ActiveCfg = Release|Any CPU
		{C8FE228D-E15B-4034-ACD6-ABEA3D510DB7}.Release|Any CPU.Build.0 = Release|Any CPU
		{C8FE228D-E15B-4034-ACD6-ABEA3D510DB7}.Release|x64.ActiveCfg = Release|Any CPU
		{C8FE228D-E15B-4034-ACD6-ABEA3D510DB7}.Release|x64.Build.0 = Release|Any CPU
		{C8FE228D-E15B-4034-ACD6-ABEA3D510DB7}.Release|x86.ActiveCfg = Release|Any CPU
		{C8FE228D-E15B-4034-ACD6-ABEA3D510DB7}.Release|x86.Build.0 = Release|Any CPU
		{9B85CACC-C569-473A-A9AD-5FAE7D052FC2}.Debug|Any CPU.ActiveCfg = Debug|Any CPU
		{9B85CACC-C569-473A-A9AD-5FAE7D052FC2}.Debug|Any CPU.Build.0 = Debug|Any CPU
		{9B85CACC-C569-473A-A9AD-5FAE7D052FC2}.Debug|x64.ActiveCfg = Debug|Any CPU
		{9B85CACC-C569-473A-A9AD-5FAE7D052FC2}.Debug|x64.Build.0 = Debug|Any CPU
		{9B85CACC-C569-473A-A9AD-5FAE7D052FC2}.Debug|x86.ActiveCfg = Debug|Any CPU
		{9B85CACC-C569-473A-A9AD-5FAE7D052FC2}.Debug|x86.Build.0 = Debug|Any CPU
		{9B85CACC-C569-473A-A9AD-5FAE7D052FC2}.Release|Any CPU.ActiveCfg = Release|Any CPU
		{9B85CACC-C569-473A-A9AD-5FAE7D052FC2}.Release|Any CPU.Build.0 = Release|Any CPU
		{9B85CACC-C569-473A-A9AD-5FAE7D052FC2}.Release|x64.ActiveCfg = Release|Any CPU
		{9B85CACC-C569-473A-A9AD-5FAE7D052FC2}.Release|x64.Build.0 = Release|Any CPU
		{9B85CACC-C569-473A-A9AD-5FAE7D052FC2}.Release|x86.ActiveCfg = Release|Any CPU
		{9B85CACC-C569-473A-A9AD-5FAE7D052FC2}.Release|x86.Build.0 = Release|Any CPU
		{FCD8A4EC-3BC2-4AE9-A83C-0713B9C068BD}.Debug|Any CPU.ActiveCfg = Debug|Any CPU
		{FCD8A4EC-3BC2-4AE9-A83C-0713B9C068BD}.Debug|Any CPU.Build.0 = Debug|Any CPU
		{FCD8A4EC-3BC2-4AE9-A83C-0713B9C068BD}.Debug|x64.ActiveCfg = Debug|Any CPU
		{FCD8A4EC-3BC2-4AE9-A83C-0713B9C068BD}.Debug|x64.Build.0 = Debug|Any CPU
		{FCD8A4EC-3BC2-4AE9-A83C-0713B9C068BD}.Debug|x86.ActiveCfg = Debug|Any CPU
		{FCD8A4EC-3BC2-4AE9-A83C-0713B9C068BD}.Debug|x86.Build.0 = Debug|Any CPU
		{FCD8A4EC-3BC2-4AE9-A83C-0713B9C068BD}.Release|Any CPU.ActiveCfg = Release|Any CPU
		{FCD8A4EC-3BC2-4AE9-A83C-0713B9C068BD}.Release|Any CPU.Build.0 = Release|Any CPU
		{FCD8A4EC-3BC2-4AE9-A83C-0713B9C068BD}.Release|x64.ActiveCfg = Release|Any CPU
		{FCD8A4EC-3BC2-4AE9-A83C-0713B9C068BD}.Release|x64.Build.0 = Release|Any CPU
		{FCD8A4EC-3BC2-4AE9-A83C-0713B9C068BD}.Release|x86.ActiveCfg = Release|Any CPU
		{FCD8A4EC-3BC2-4AE9-A83C-0713B9C068BD}.Release|x86.Build.0 = Release|Any CPU
	EndGlobalSection
	GlobalSection(SolutionProperties) = preSolution
		HideSolutionNode = FALSE
	EndGlobalSection
	GlobalSection(NestedProjects) = preSolution
		{10C8D582-BA75-4C45-9379-9EC77A28AA2F} = {41DA389D-8FD3-4CC0-B012-5825FE714E87}
		{7F361DDC-F7BB-4402-ACB5-033FA8B1E943} = {41DA389D-8FD3-4CC0-B012-5825FE714E87}
		{47A6770F-0AA7-4EA3-AF9B-A4D03304B451} = {41DA389D-8FD3-4CC0-B012-5825FE714E87}
		{E2E5F56E-C7FC-49AF-9384-2FAA9ECC3604} = {41DA389D-8FD3-4CC0-B012-5825FE714E87}
		{E2355AC4-7684-4FE2-A5F6-66320596BB58} = {6914849E-07C0-4D13-8259-A141523454DA}
		{1F19372F-23E0-4F66-ADFE-4D356EB9E1A1} = {6914849E-07C0-4D13-8259-A141523454DA}
		{2FB3E232-C469-4A8A-AD41-5D5EA9520DD0} = {41DA389D-8FD3-4CC0-B012-5825FE714E87}
		{CCBF3CF2-75E2-416E-BAB2-C84AA1EB225B} = {41DA389D-8FD3-4CC0-B012-5825FE714E87}
		{DD49C151-41D5-4854-8D05-793D61A349F1} = {41DA389D-8FD3-4CC0-B012-5825FE714E87}
		{F5FD4836-9878-482E-846C-8B42A21BCB8B} = {41DA389D-8FD3-4CC0-B012-5825FE714E87}
		{78648B0D-04C1-4B2D-89F7-1D0575C605A8} = {41DA389D-8FD3-4CC0-B012-5825FE714E87}
		{34328805-1015-45EA-B461-FE9B9E99C97C} = {41DA389D-8FD3-4CC0-B012-5825FE714E87}
		{8748721A-D4CA-418D-A40C-DBB85CD22564} = {41DA389D-8FD3-4CC0-B012-5825FE714E87}
		{7EE40027-CA70-4ADE-9933-8B1E1DC4125B} = {41DA389D-8FD3-4CC0-B012-5825FE714E87}
		{19AD802F-89BC-4699-AEE1-96C5314ADD6D} = {6914849E-07C0-4D13-8259-A141523454DA}
		{4DD617D9-3166-4D22-804E-8A9345A6C437} = {066ADA6B-80D9-4679-BF94-2743B59B5C29}
		{8E554E7E-C4F9-43E1-BC3E-638EC8078C35} = {41DA389D-8FD3-4CC0-B012-5825FE714E87}
		{0932C63C-BF98-464A-8C4F-507E33894330} = {6914849E-07C0-4D13-8259-A141523454DA}
		{F8BBF1E0-FCA1-4CDB-BCBB-BF6563E87848} = {41DA389D-8FD3-4CC0-B012-5825FE714E87}
		{49531241-2AA2-4B72-9D04-250B6961FA6D} = {41DA389D-8FD3-4CC0-B012-5825FE714E87}
		{F565B6F1-F3E9-489E-83F3-EB33242C000E} = {41DA389D-8FD3-4CC0-B012-5825FE714E87}
		{17BB4886-C93E-487E-ADEE-46D0641683C0} = {6914849E-07C0-4D13-8259-A141523454DA}
		{3C19FDAC-6FA4-40D1-990E-A349DF114124} = {41DA389D-8FD3-4CC0-B012-5825FE714E87}
		{67E563A8-A2DE-4F21-BF8A-CF324DADF13F} = {6914849E-07C0-4D13-8259-A141523454DA}
		{68586092-8500-47A8-BC7B-FB90D62AB94C} = {41DA389D-8FD3-4CC0-B012-5825FE714E87}
		{ADE8E595-B4E1-406B-BB5A-DBD59AB18A29} = {41DA389D-8FD3-4CC0-B012-5825FE714E87}
		{F32D9E48-D73C-448E-8F59-6F6AD168C5FB} = {41DA389D-8FD3-4CC0-B012-5825FE714E87}
		{DCC165BF-9AE0-479A-9667-E13C08FBB073} = {41DA389D-8FD3-4CC0-B012-5825FE714E87}
		{6C7EA892-AA5A-4A09-8EF8-3B0280C54943} = {066ADA6B-80D9-4679-BF94-2743B59B5C29}
		{2E851E13-F33F-4309-B98A-C088CDD9786A} = {41DA389D-8FD3-4CC0-B012-5825FE714E87}
		{D9ECBE13-4B00-409E-B60B-B2EE2E3B304E} = {41DA389D-8FD3-4CC0-B012-5825FE714E87}
		{B258C15B-7976-410D-A887-6DE6A23703CD} = {6914849E-07C0-4D13-8259-A141523454DA}
		{36E8CA88-A065-4668-A246-1CFD73072164} = {41DA389D-8FD3-4CC0-B012-5825FE714E87}
		{75B01DA7-5BF1-45A8-B554-78B83DCC09F6} = {41DA389D-8FD3-4CC0-B012-5825FE714E87}
		{AA49E4A0-82FA-41BC-8721-A4F5CE401B0F} = {6914849E-07C0-4D13-8259-A141523454DA}
		{A5E70E53-9CD8-4C05-B284-D47218070D9C} = {6914849E-07C0-4D13-8259-A141523454DA}
		{EDB622E7-69E3-4280-9434-09C487FCB094} = {6914849E-07C0-4D13-8259-A141523454DA}
		{3D39B07C-FC3E-4DA2-A685-15A9EE701001} = {41DA389D-8FD3-4CC0-B012-5825FE714E87}
		{8FF9821F-1632-49B1-B398-7B494522EECB} = {6914849E-07C0-4D13-8259-A141523454DA}
		{BC9F54F1-CD99-40E6-992E-B5D6BF54C4CA} = {41DA389D-8FD3-4CC0-B012-5825FE714E87}
		{5B8D4E8E-690E-4173-B385-3375EE8FF6CF} = {6914849E-07C0-4D13-8259-A141523454DA}
		{1547C4B8-1091-407A-8CB9-EBE7C6CE7F0C} = {41DA389D-8FD3-4CC0-B012-5825FE714E87}
		{C519AAED-1C33-4753-A69D-E78AE1BC0A22} = {066ADA6B-80D9-4679-BF94-2743B59B5C29}
		{31A738E2-EA03-4F73-9C1B-34DFE0C49095} = {6914849E-07C0-4D13-8259-A141523454DA}
		{486659A6-BD63-4D88-B38A-AB94855B1521} = {6914849E-07C0-4D13-8259-A141523454DA}
		{7296804D-EC38-4922-9214-A898F189E2F5} = {41DA389D-8FD3-4CC0-B012-5825FE714E87}
		{B95936FB-D355-4401-A594-C03C853E2408} = {41DA389D-8FD3-4CC0-B012-5825FE714E87}
		{CB1D9C37-905A-4146-8E25-6F73AA77206F} = {41DA389D-8FD3-4CC0-B012-5825FE714E87}
		{82E1DEEF-38FB-4D55-8E3B-151B47FED5A5} = {41DA389D-8FD3-4CC0-B012-5825FE714E87}
		{77416FFA-584F-40C1-9C0E-30C41847E2FD} = {41DA389D-8FD3-4CC0-B012-5825FE714E87}
		{C8FE228D-E15B-4034-ACD6-ABEA3D510DB7} = {41DA389D-8FD3-4CC0-B012-5825FE714E87}
		{9B85CACC-C569-473A-A9AD-5FAE7D052FC2} = {41DA389D-8FD3-4CC0-B012-5825FE714E87}
		{FCD8A4EC-3BC2-4AE9-A83C-0713B9C068BD} = {41DA389D-8FD3-4CC0-B012-5825FE714E87}
	EndGlobalSection
	GlobalSection(ExtensibilityGlobals) = postSolution
		SolutionGuid = {2776D3BA-E65C-40FB-A3E4-A454391888CA}
	EndGlobalSection
EndGlobal
